<?xml version="1.0" encoding="UTF-8"?>
<CONFIG>
  <ProjectOptions>
    <Version Value="12"/>
    <PathDelim Value="\"/>
    <General>
      <SessionStorage Value="InProjectDir"/>
      <Title Value="jsBLE"/>
      <Scaled Value="True"/>
      <ResourceType Value="res"/>
      <UseXPManifest Value="True"/>
      <XPManifest>
        <DpiAware Value="True"/>
      </XPManifest>
      <Icon Value="0"/>
    </General>
    <BuildModes>
      <Item Name="Default" Default="True"/>
    </BuildModes>
    <PublishOptions>
      <Version Value="2"/>
      <UseFileFilters Value="True"/>
    </PublishOptions>
    <RunParams>
      <FormatVersion Value="2"/>
    </RunParams>
    <RequiredPackages>
      <Item>
        <PackageName Value="OD_DelphiReportEngine_Units"/>
      </Item>
      <Item>
        <PackageName Value="LCL"/>
      </Item>
    </RequiredPackages>
    <Units>
      <Unit>
        <Filename Value="jsBLE.lpr"/>
        <IsPartOfProject Value="True"/>
      </Unit>
      <Unit>
        <Filename Value="ufjsBLE.pas"/>
        <IsPartOfProject Value="True"/>
        <ComponentName Value="fjsBLE"/>
        <HasResources Value="True"/>
        <ResourceBaseClass Value="Form"/>
      </Unit>
      <Unit>
        <Filename Value="uBLE_Devices.pas"/>
        <IsPartOfProject Value="True"/>
      </Unit>
      <Unit>
        <Filename Value="01_sources_externes\Pascal-Bindings-For-SimpleBLE-Library-0.6.0\SimpleBleUnit\simpleble.pas"/>
        <IsPartOfProject Value="True"/>
        <UnitName Value="SimpleBle"/>
      </Unit>
    </Units>
  </ProjectOptions>
  <CompilerOptions>
    <Version Value="11"/>
    <PathDelim Value="\"/>
    <Target>
      <Filename Value="jsBLE"/>
    </Target>
    <SearchPaths>
      <IncludeFiles Value="$(ProjOutDir)"/>
      <OtherUnitFiles Value="01_sources_externes\Pascal-Bindings-For-SimpleBLE-Library-0.6.0\SimpleBleUnit"/>
      <UnitOutputDirectory Value="lib\$(TargetCPU)-$(TargetOS)"/>
    </SearchPaths>
    <Linking>
      <Debugging>
        <DebugInfoType Value="dsDwarf3"/>
      </Debugging>
      <Options>
        <Win32>
          <GraphicApplication Value="True"/>
        </Win32>
      </Options>
    </Linking>
  </CompilerOptions>
  <Debugging>
    <Exceptions>
      <Item>
        <Name Value="EAbort"/>
      </Item>
      <Item>
        <Name Value="ECodetoolError"/>
      </Item>
      <Item>
        <Name Value="EFOpenError"/>
      </Item>
    </Exceptions>
  </Debugging>
</CONFIG>
