<?xml version="1.0" encoding="UTF-8"?>
<CONFIG>
  <ProjectOptions>
    <Version Value="12"/>
    <General>
      <Flags>
        <CompatibilityMode Value="True"/>
      </Flags>
      <SessionStorage Value="InProjectDir"/>
      <Title Value="jsCompta"/>
      <ResourceType Value="res"/>
      <UseXPManifest Value="True"/>
      <Icon Value="0"/>
    </General>
    <i18n>
      <EnableI18N LFM="False"/>
    </i18n>
    <BuildModes Count="6">
      <Item1 Name="Windows 64 bits Release" Default="True"/>
      <Item2 Name="Windows 64 bits Debug Lite">
        <CompilerOptions>
          <Version Value="11"/>
          <Target>
            <Filename Value="jsCompta"/>
          </Target>
          <SearchPaths>
            <IncludeFiles Value="$(ProjOutDir);Elements/Piece/Symetric;Elements/Facture/Symetric"/>
            <OtherUnitFiles Value="../../../pascal_o_r_mapping/03_Data;../../../pascal_o_r_mapping/07_sources_externes/synapse/source/lib;../../../pascal_o_r_mapping/03_Data/Automatic;../../../pascal_o_r_mapping/03_Data/Automatic/Code_Generation/JoinPoint;../../../pascal_o_r_mapping/03_Data/Automatic/Code_Generation/JoinPoint/02_Pascal;../../../pascal_o_r_mapping/03_Data/Automatic/Code_Generation/JoinPoint/01_SQL;../../../pascal_o_r_mapping/03_Data/Automatic/Code_Generation/JoinPoint/00_General;../../../pascal_o_r_mapping/03_Data/Automatic/Code_Generation/JoinPoint/04_PHP_Doctrine;../../../pascal_o_r_mapping/03_Data/Automatic/Code_Generation/JoinPoint/03_CSharp;../../../pascal_o_r_mapping/03_Data/Automatic/Code_Generation;../../../pascal_o_r_mapping/06_Formes;../../../pascal_o_r_mapping/03_Data/JSON;../../../pascal_o_r_mapping/03_Data/Tuleap;../../../pascal_o_r_mapping/03_Data/Automatic/Code_Generation/File_Handler/05_Angular_TypeScript;../../../pascal_o_r_mapping/03_Data/Automatic/Code_Generation/JoinPoint/05_Angular_TypeScript;../../../pascal_o_r_mapping/03_Data/Automatic/Code_Generation/Elements/Postgres_Foreign_Key;../../../pascal_o_r_mapping/03_Data/Automatic/Code_Generation/File_Handler;Elements/Facture;Elements/Facture/Symetric;Elements/Mois;Elements/Piece;Elements/Piece/Symetric;Elements;Elements/Annee;Elements/Client;Elements/Facture_Ligne;Elements/Facture/ufFacture;Elements/Facture/ufFacture_non_reglee;Elements/Facture/ufFacture_Nouveau"/>
            <UnitOutputDirectory Value="lib/$(TargetCPU)-$(TargetOS)"/>
          </SearchPaths>
          <Parsing>
            <SyntaxOptions>
              <SyntaxMode Value="Delphi"/>
            </SyntaxOptions>
          </Parsing>
          <CodeGeneration>
            <SmartLinkUnit Value="True"/>
            <TargetCPU Value="x86_64"/>
            <TargetOS Value="win64"/>
            <Optimizations>
              <OptimizationLevel Value="3"/>
            </Optimizations>
          </CodeGeneration>
          <Linking>
            <LinkSmart Value="True"/>
            <Options>
              <Win32>
                <GraphicApplication Value="True"/>
              </Win32>
            </Options>
          </Linking>
        </CompilerOptions>
      </Item2>
      <Item3 Name="Windows 64 bits Debug">
        <CompilerOptions>
          <Version Value="11"/>
          <Target>
            <Filename Value="jsCompta"/>
          </Target>
          <SearchPaths>
            <IncludeFiles Value="$(ProjOutDir);Elements/Piece/Symetric;Elements/Facture/Symetric"/>
            <OtherUnitFiles Value="Elements/Facture;Elements/Facture/Symetric;Elements/Mois;Elements/Piece;Elements/Piece/Symetric;Elements;Elements/Annee;Elements/Client;Elements/Facture_Ligne;Elements/Facture/ufFacture;Elements/Facture/ufFacture_non_reglee;Elements/Facture/ufFacture_Nouveau"/>
            <UnitOutputDirectory Value="lib/$(TargetCPU)-$(TargetOS)"/>
          </SearchPaths>
          <Parsing>
            <SyntaxOptions>
              <SyntaxMode Value="Delphi"/>
              <IncludeAssertionCode Value="True"/>
            </SyntaxOptions>
          </Parsing>
          <CodeGeneration>
            <Checks>
              <IOChecks Value="True"/>
              <RangeChecks Value="True"/>
              <OverflowChecks Value="True"/>
              <StackChecks Value="True"/>
            </Checks>
            <TargetCPU Value="x86_64"/>
            <TargetOS Value="win64"/>
          </CodeGeneration>
          <Linking>
            <Debugging>
              <DebugInfoType Value="dsDwarf2Set"/>
              <UseExternalDbgSyms Value="True"/>
            </Debugging>
            <Options>
              <Win32>
                <GraphicApplication Value="True"/>
              </Win32>
            </Options>
          </Linking>
        </CompilerOptions>
      </Item3>
      <Item4 Name="Linux Release">
        <CompilerOptions>
          <Version Value="11"/>
          <Target>
            <Filename Value="jsCompta"/>
          </Target>
          <SearchPaths>
            <IncludeFiles Value="$(ProjOutDir);Elements/Piece/Symetric;Elements/Facture/Symetric"/>
            <OtherUnitFiles Value="Elements/Facture;Elements/Facture/Symetric;Elements/Mois;Elements/Piece;Elements/Piece/Symetric;Elements;Elements/Annee;Elements/Client;Elements/Facture_Ligne;Elements/Facture/ufFacture;Elements/Facture/ufFacture_non_reglee;Elements/Facture/ufFacture_Nouveau"/>
            <UnitOutputDirectory Value="lib/$(TargetCPU)-$(TargetOS)"/>
          </SearchPaths>
          <Parsing>
            <SyntaxOptions>
              <SyntaxMode Value="Delphi"/>
            </SyntaxOptions>
          </Parsing>
          <CodeGeneration>
            <SmartLinkUnit Value="True"/>
            <Optimizations>
              <OptimizationLevel Value="3"/>
            </Optimizations>
          </CodeGeneration>
          <Linking>
            <Debugging>
              <GenerateDebugInfo Value="False"/>
            </Debugging>
            <LinkSmart Value="True"/>
            <Options>
              <Win32>
                <GraphicApplication Value="True"/>
              </Win32>
            </Options>
          </Linking>
        </CompilerOptions>
      </Item4>
      <Item5 Name="Linux Debug Lite">
        <CompilerOptions>
          <Version Value="11"/>
          <Target>
            <Filename Value="jsCompta"/>
          </Target>
          <SearchPaths>
            <IncludeFiles Value="$(ProjOutDir);Elements/Piece/Symetric;Elements/Facture/Symetric"/>
            <OtherUnitFiles Value="Elements/Facture;Elements/Facture/Symetric;Elements/Mois;Elements/Piece;Elements/Piece/Symetric;Elements;Elements/Annee;Elements/Client;Elements/Facture_Ligne;Elements/Facture/ufFacture;Elements/Facture/ufFacture_non_reglee;Elements/Facture/ufFacture_Nouveau"/>
            <UnitOutputDirectory Value="lib/$(TargetCPU)-$(TargetOS)"/>
          </SearchPaths>
          <Parsing>
            <SyntaxOptions>
              <SyntaxMode Value="Delphi"/>
            </SyntaxOptions>
          </Parsing>
          <CodeGeneration>
            <SmartLinkUnit Value="True"/>
            <Optimizations>
              <OptimizationLevel Value="3"/>
            </Optimizations>
          </CodeGeneration>
          <Linking>
            <Debugging>
              <DebugInfoType Value="dsDwarf3"/>
            </Debugging>
            <LinkSmart Value="True"/>
            <Options>
              <Win32>
                <GraphicApplication Value="True"/>
              </Win32>
            </Options>
          </Linking>
        </CompilerOptions>
      </Item5>
      <Item6 Name="Linux Debug">
        <CompilerOptions>
          <Version Value="11"/>
          <Target>
            <Filename Value="jsCompta"/>
          </Target>
          <SearchPaths>
            <IncludeFiles Value="$(ProjOutDir);Elements/Piece/Symetric;Elements/Facture/Symetric"/>
            <OtherUnitFiles Value="Elements/Facture;Elements/Facture/Symetric;Elements/Mois;Elements/Piece;Elements/Piece/Symetric;Elements;Elements/Annee;Elements/Client;Elements/Facture_Ligne;Elements/Facture/ufFacture;Elements/Facture/ufFacture_non_reglee;Elements/Facture/ufFacture_Nouveau"/>
            <UnitOutputDirectory Value="lib/$(TargetCPU)-$(TargetOS)"/>
          </SearchPaths>
          <Parsing>
            <SyntaxOptions>
              <SyntaxMode Value="Delphi"/>
              <IncludeAssertionCode Value="True"/>
            </SyntaxOptions>
          </Parsing>
          <CodeGeneration>
            <Checks>
              <IOChecks Value="True"/>
              <RangeChecks Value="True"/>
              <OverflowChecks Value="True"/>
              <StackChecks Value="True"/>
            </Checks>
            <VerifyObjMethodCallValidity Value="True"/>
          </CodeGeneration>
          <Linking>
            <Debugging>
              <DebugInfoType Value="dsDwarf2Set"/>
              <UseHeaptrc Value="True"/>
              <TrashVariables Value="True"/>
              <UseExternalDbgSyms Value="True"/>
            </Debugging>
            <Options>
              <Win32>
                <GraphicApplication Value="True"/>
              </Win32>
            </Options>
          </Linking>
        </CompilerOptions>
      </Item6>
    </BuildModes>
    <PublishOptions>
      <Version Value="2"/>
    </PublishOptions>
    <RunParams>
      <FormatVersion Value="2"/>
      <Modes Count="1">
        <Mode0 Name="default"/>
      </Modes>
    </RunParams>
    <RequiredPackages Count="8">
      <Item1>
        <PackageName Value="OD_DelphiReportEngine_Formes"/>
      </Item1>
      <Item2>
        <PackageName Value="OD_DelphiReportEngine_Data"/>
      </Item2>
      <Item3>
        <PackageName Value="OD_DelphiReportEngine_Components"/>
      </Item3>
      <Item4>
        <PackageName Value="DateTimeCtrls"/>
      </Item4>
      <Item5>
        <PackageName Value="SQLDBLaz"/>
      </Item5>
      <Item6>
        <PackageName Value="OD_DelphiReportEngine_Units"/>
      </Item6>
      <Item7>
        <PackageName Value="OD_DelphiReportEngine_Controls"/>
      </Item7>
      <Item8>
        <PackageName Value="LCL"/>
      </Item8>
    </RequiredPackages>
    <Units Count="51">
      <Unit0>
        <Filename Value="jsCompta.lpr"/>
        <IsPartOfProject Value="True"/>
      </Unit0>
      <Unit1>
        <Filename Value="ufjsCompta.pas"/>
        <IsPartOfProject Value="True"/>
        <ComponentName Value="fjsCompta"/>
        <HasResources Value="True"/>
        <ResourceBaseClass Value="Form"/>
      </Unit1>
      <Unit2>
        <Filename Value="Elements/Facture/udkFacture_edit.pas"/>
        <IsPartOfProject Value="True"/>
        <ComponentName Value="dkFacture_edit"/>
        <HasResources Value="True"/>
        <ResourceBaseClass Value="Form"/>
      </Unit2>
      <Unit3>
        <Filename Value="Elements/Facture/ufFacture/udkFacture_display_Facture.pas"/>
        <IsPartOfProject Value="True"/>
        <ComponentName Value="dkFacture_display_Facture"/>
        <HasResources Value="True"/>
        <ResourceBaseClass Value="Form"/>
      </Unit3>
      <Unit4>
        <Filename Value="Elements/Facture/Symetric/ublFacture.pas"/>
        <IsPartOfProject Value="True"/>
      </Unit4>
      <Unit5>
        <Filename Value="Elements/Annee/upoolAnnee.pas"/>
        <IsPartOfProject Value="True"/>
      </Unit5>
      <Unit6>
        <Filename Value="Elements/Annee/uhfAnnee.pas"/>
        <IsPartOfProject Value="True"/>
      </Unit6>
      <Unit7>
        <Filename Value="Elements/Annee/ufAnnee_dsb.pas"/>
        <IsPartOfProject Value="True"/>
        <ComponentName Value="fAnnee_dsb"/>
        <HasResources Value="True"/>
        <ResourceBaseClass Value="Form"/>
      </Unit7>
      <Unit8>
        <Filename Value="Elements/Annee/udkAnnee_edit.pas"/>
        <IsPartOfProject Value="True"/>
        <ComponentName Value="dkAnnee_edit"/>
        <HasResources Value="True"/>
        <ResourceBaseClass Value="Form"/>
      </Unit8>
      <Unit9>
        <Filename Value="Elements/Annee/udkAnnee_display.pas"/>
        <IsPartOfProject Value="True"/>
        <ComponentName Value="dkAnnee_display"/>
        <HasResources Value="True"/>
        <ResourceBaseClass Value="Form"/>
      </Unit9>
      <Unit10>
        <Filename Value="Elements/Annee/ublAnnee.pas"/>
        <IsPartOfProject Value="True"/>
      </Unit10>
      <Unit11>
        <Filename Value="Elements/ufPatternMainMenu.pas"/>
        <IsPartOfProject Value="True"/>
        <ComponentName Value="fPatternMainMenu"/>
        <HasResources Value="True"/>
        <ResourceBaseClass Value="Form"/>
      </Unit11>
      <Unit12>
        <Filename Value="Elements/Piece/uhfPiece.pas"/>
        <IsPartOfProject Value="True"/>
      </Unit12>
      <Unit13>
        <Filename Value="Elements/Piece/udkPiece_edit.pas"/>
        <IsPartOfProject Value="True"/>
        <ComponentName Value="dkPiece_edit"/>
        <HasResources Value="True"/>
        <ResourceBaseClass Value="Form"/>
      </Unit13>
      <Unit14>
        <Filename Value="Elements/Piece/udkPiece_display.pas"/>
        <IsPartOfProject Value="True"/>
        <ComponentName Value="dkPiece_display"/>
        <HasResources Value="True"/>
        <ResourceBaseClass Value="Form"/>
      </Unit14>
      <Unit15>
        <Filename Value="Elements/Mois/upoolMois.pas"/>
        <IsPartOfProject Value="True"/>
      </Unit15>
      <Unit16>
        <Filename Value="Elements/Mois/uhfMois.pas"/>
        <IsPartOfProject Value="True"/>
      </Unit16>
      <Unit17>
        <Filename Value="Elements/Mois/ufMois_dsb.pas"/>
        <IsPartOfProject Value="True"/>
        <ComponentName Value="fMois_dsb"/>
        <HasResources Value="True"/>
        <ResourceBaseClass Value="Form"/>
      </Unit17>
      <Unit18>
        <Filename Value="Elements/Mois/udkMois_edit.pas"/>
        <IsPartOfProject Value="True"/>
        <ComponentName Value="dkMois_edit"/>
        <HasResources Value="True"/>
        <ResourceBaseClass Value="Form"/>
      </Unit18>
      <Unit19>
        <Filename Value="Elements/Mois/udkMois_display.pas"/>
        <IsPartOfProject Value="True"/>
        <ComponentName Value="dkMois_display"/>
        <ResourceBaseClass Value="Form"/>
      </Unit19>
      <Unit20>
        <Filename Value="Elements/Mois/ublMois.pas"/>
        <IsPartOfProject Value="True"/>
      </Unit20>
      <Unit21>
        <Filename Value="Elements/Facture/uhfFacture.pas"/>
        <IsPartOfProject Value="True"/>
      </Unit21>
      <Unit22>
        <Filename Value="Elements/Facture/ufFacture_dsb.pas"/>
        <IsPartOfProject Value="True"/>
        <ComponentName Value="fFacture_dsb"/>
        <HasResources Value="True"/>
        <ResourceBaseClass Value="Form"/>
      </Unit22>
      <Unit23>
        <Filename Value="Elements/Client/ufClient.pas"/>
        <IsPartOfProject Value="True"/>
        <ComponentName Value="fClient"/>
        <HasResources Value="True"/>
        <ResourceBaseClass Value="Form"/>
      </Unit23>
      <Unit24>
        <Filename Value="Elements/Client/uhfClient.pas"/>
        <IsPartOfProject Value="True"/>
      </Unit24>
      <Unit25>
        <Filename Value="Elements/Client/upoolClient.pas"/>
        <IsPartOfProject Value="True"/>
      </Unit25>
      <Unit26>
        <Filename Value="Elements/Client/ublClient.pas"/>
        <IsPartOfProject Value="True"/>
      </Unit26>
      <Unit27>
        <Filename Value="Elements/Client/udkClient_display_Client.pas"/>
        <IsPartOfProject Value="True"/>
        <ComponentName Value="dkClient_display_Client"/>
        <HasResources Value="True"/>
        <ResourceBaseClass Value="Form"/>
      </Unit27>
      <Unit28>
        <Filename Value="Elements/Client/udkClient_edit.pas"/>
        <IsPartOfProject Value="True"/>
        <ComponentName Value="dkClient_edit"/>
        <HasResources Value="True"/>
        <ResourceBaseClass Value="Form"/>
      </Unit28>
      <Unit29>
        <Filename Value="Elements/Facture_Ligne/uhfFacture_Ligne.pas"/>
        <IsPartOfProject Value="True"/>
      </Unit29>
      <Unit30>
        <Filename Value="Elements/Facture_Ligne/upoolFacture_Ligne.pas"/>
        <IsPartOfProject Value="True"/>
      </Unit30>
      <Unit31>
        <Filename Value="Elements/Facture_Ligne/ublFacture_Ligne.pas"/>
        <IsPartOfProject Value="True"/>
      </Unit31>
      <Unit32>
        <Filename Value="Elements/Facture_Ligne/udkFacture_Ligne_display.pas"/>
        <IsPartOfProject Value="True"/>
        <ComponentName Value="dkFacture_Ligne_display"/>
        <HasResources Value="True"/>
        <ResourceBaseClass Value="Form"/>
      </Unit32>
      <Unit33>
        <Filename Value="Elements/Facture_Ligne/udkFacture_Ligne_edit.pas"/>
        <IsPartOfProject Value="True"/>
        <ComponentName Value="dkFacture_Ligne_edit"/>
        <HasResources Value="True"/>
        <ResourceBaseClass Value="Form"/>
      </Unit33>
      <Unit34>
        <Filename Value="Elements/Facture_Ligne/ufFacture_Ligne_dsb.pas"/>
        <IsPartOfProject Value="True"/>
        <ComponentName Value="fFacture_Ligne_dsb"/>
        <HasResources Value="True"/>
        <ResourceBaseClass Value="Form"/>
      </Unit34>
      <Unit35>
        <Filename Value="Elements/Facture/ufFacture/ufFacture.pas"/>
        <IsPartOfProject Value="True"/>
        <ComponentName Value="fFacture"/>
        <HasResources Value="True"/>
        <ResourceBaseClass Value="Form"/>
      </Unit35>
      <Unit36>
        <Filename Value="Elements/Facture/udkFacture_display.pas"/>
        <IsPartOfProject Value="True"/>
        <ComponentName Value="dkFacture_display"/>
        <HasResources Value="True"/>
        <ResourceBaseClass Value="Form"/>
      </Unit36>
      <Unit37>
        <Filename Value="Elements/Facture/uodFacture.pas"/>
        <IsPartOfProject Value="True"/>
      </Unit37>
      <Unit38>
        <Filename Value="Elements/Facture_Ligne/udkFacture_Ligne_edit_Facture.pas"/>
        <IsPartOfProject Value="True"/>
        <ComponentName Value="dkFacture_Ligne_edit_Facture"/>
        <HasResources Value="True"/>
        <ResourceBaseClass Value="Form"/>
      </Unit38>
      <Unit39>
        <Filename Value="Elements/Piece/ufPiece_dsb3.pas"/>
        <IsPartOfProject Value="True"/>
        <ComponentName Value="fPiece_dsb3"/>
        <HasResources Value="True"/>
        <ResourceBaseClass Value="Form"/>
      </Unit39>
      <Unit40>
        <Filename Value="Elements/Facture/ufFacture_non_reglee/udkFacture_display_Facture_non_reglee.pas"/>
        <IsPartOfProject Value="True"/>
        <ComponentName Value="dkFacture_display_Facture_non_reglee"/>
        <HasResources Value="True"/>
        <ResourceBaseClass Value="Form"/>
      </Unit40>
      <Unit41>
        <Filename Value="Elements/Facture/ufFacture_non_reglee/ufFacture_non_reglee.pas"/>
        <IsPartOfProject Value="True"/>
        <ComponentName Value="fFacture_non_reglee"/>
        <HasResources Value="True"/>
        <ResourceBaseClass Value="Form"/>
      </Unit41>
      <Unit42>
        <Filename Value="Generateur/Generateur_de_code/01_Listes/Symetrics/Pascal/ubl/Pascal_ubl_unlink_body_pas_detail"/>
        <IsPartOfProject Value="True"/>
      </Unit42>
      <Unit43>
        <Filename Value="Elements/Facture/ufFacture_Nouveau/ufFacture_Nouveau.pas"/>
        <IsPartOfProject Value="True"/>
        <ComponentName Value="fFacture_Nouveau"/>
        <HasResources Value="True"/>
        <ResourceBaseClass Value="Form"/>
      </Unit43>
      <Unit44>
        <Filename Value="Elements/Facture/ufFacture_Nouveau/udkFacture_display_Facture_Nouveau.pas"/>
        <IsPartOfProject Value="True"/>
        <ComponentName Value="dkFacture_display_Facture_Nouveau"/>
        <HasResources Value="True"/>
        <ResourceBaseClass Value="Form"/>
      </Unit44>
      <Unit45>
        <Filename Value="Elements/Facture/Symetric/ublFacture_interface_type.inc"/>
        <IsPartOfProject Value="True"/>
      </Unit45>
      <Unit46>
        <Filename Value="Elements/Piece/Symetric/ublPiece_implementation.inc"/>
        <IsPartOfProject Value="True"/>
      </Unit46>
      <Unit47>
        <Filename Value="Elements/Facture/Symetric/ublFacture_implementation.inc"/>
        <IsPartOfProject Value="True"/>
      </Unit47>
      <Unit48>
        <Filename Value="Elements/Piece/Symetric/ublPiece_interface_type.inc"/>
        <IsPartOfProject Value="True"/>
      </Unit48>
      <Unit49>
        <Filename Value="Elements/Facture_Ligne/udkFacture_Ligne_display_Facture_Nouveau.pas"/>
        <IsPartOfProject Value="True"/>
        <ComponentName Value="dkFacture_Ligne_display_Facture_Nouveau"/>
        <HasResources Value="True"/>
        <ResourceBaseClass Value="Form"/>
      </Unit49>
      <Unit50>
        <Filename Value="Elements/Annee/uodAnnee.pas"/>
        <IsPartOfProject Value="True"/>
      </Unit50>
    </Units>
  </ProjectOptions>
  <CompilerOptions>
    <Version Value="11"/>
    <Target>
      <Filename Value="jsCompta"/>
    </Target>
    <SearchPaths>
      <IncludeFiles Value="$(ProjOutDir);Elements/Piece/Symetric;Elements/Facture/Symetric"/>
      <OtherUnitFiles Value="../../../pascal_o_r_mapping/03_Data;../../../pascal_o_r_mapping/07_sources_externes/synapse/source/lib;../../../pascal_o_r_mapping/03_Data/Automatic;../../../pascal_o_r_mapping/03_Data/Automatic/Code_Generation/JoinPoint;../../../pascal_o_r_mapping/03_Data/Automatic/Code_Generation/JoinPoint/02_Pascal;../../../pascal_o_r_mapping/03_Data/Automatic/Code_Generation/JoinPoint/01_SQL;../../../pascal_o_r_mapping/03_Data/Automatic/Code_Generation/JoinPoint/00_General;../../../pascal_o_r_mapping/03_Data/Automatic/Code_Generation/JoinPoint/04_PHP_Doctrine;../../../pascal_o_r_mapping/03_Data/Automatic/Code_Generation/JoinPoint/03_CSharp;../../../pascal_o_r_mapping/03_Data/Automatic/Code_Generation;../../../pascal_o_r_mapping/06_Formes;../../../pascal_o_r_mapping/03_Data/JSON;../../../pascal_o_r_mapping/03_Data/Tuleap;../../../pascal_o_r_mapping/03_Data/Automatic/Code_Generation/File_Handler/05_Angular_TypeScript;../../../pascal_o_r_mapping/03_Data/Automatic/Code_Generation/JoinPoint/05_Angular_TypeScript;../../../pascal_o_r_mapping/03_Data/Automatic/Code_Generation/Elements/Postgres_Foreign_Key;../../../pascal_o_r_mapping/03_Data/Automatic/Code_Generation/File_Handler;Elements/Facture;Elements/Facture/Symetric;Elements/Mois;Elements/Piece;Elements/Piece/Symetric;Elements;Elements/Annee;Elements/Client;Elements/Facture_Ligne;Elements/Facture/ufFacture;Elements/Facture/ufFacture_non_reglee;Elements/Facture/ufFacture_Nouveau"/>
      <UnitOutputDirectory Value="lib/$(TargetCPU)-$(TargetOS)"/>
    </SearchPaths>
    <Parsing>
      <SyntaxOptions>
        <SyntaxMode Value="Delphi"/>
      </SyntaxOptions>
    </Parsing>
    <CodeGeneration>
      <SmartLinkUnit Value="True"/>
      <TargetCPU Value="x86_64"/>
      <TargetOS Value="win64"/>
      <Optimizations>
        <OptimizationLevel Value="3"/>
      </Optimizations>
    </CodeGeneration>
    <Linking>
      <Debugging>
        <GenerateDebugInfo Value="False"/>
      </Debugging>
      <LinkSmart Value="True"/>
      <Options>
        <Win32>
          <GraphicApplication Value="True"/>
        </Win32>
      </Options>
    </Linking>
  </CompilerOptions>
  <Debugging>
    <Exceptions Count="3">
      <Item1>
        <Name Value="EAbort"/>
      </Item1>
      <Item2>
        <Name Value="ECodetoolError"/>
      </Item2>
      <Item3>
        <Name Value="EFOpenError"/>
      </Item3>
    </Exceptions>
  </Debugging>
</CONFIG>
