<?xml version="1.0" encoding="UTF-8"?>
<CONFIG>
  <ProjectOptions>
    <Version Value="12"/>
    <General>
      <SessionStorage Value="InProjectDir"/>
      <Title Value="jsKaraoke"/>
      <Scaled Value="True"/>
      <ResourceType Value="res"/>
      <UseXPManifest Value="True"/>
      <XPManifest>
        <DpiAware Value="True"/>
      </XPManifest>
      <Icon Value="0"/>
    </General>
    <BuildModes>
      <Item Name="Default" Default="True"/>
    </BuildModes>
    <PublishOptions>
      <Version Value="2"/>
      <UseFileFilters Value="True"/>
    </PublishOptions>
    <RunParams>
      <FormatVersion Value="2"/>
    </RunParams>
    <RequiredPackages>
      <Item>
        <PackageName Value="OD_DelphiReportEngine_Controls"/>
      </Item>
      <Item>
        <PackageName Value="OD_DelphiReportEngine_Data"/>
      </Item>
      <Item>
        <PackageName Value="LCL"/>
      </Item>
    </RequiredPackages>
    <Units>
      <Unit>
        <Filename Value="jsKaraoke.lpr"/>
        <IsPartOfProject Value="True"/>
      </Unit>
      <Unit>
        <Filename Value="ufjsKaraoke.pas"/>
        <IsPartOfProject Value="True"/>
        <ComponentName Value="fjsKaraoke"/>
        <HasResources Value="True"/>
        <ResourceBaseClass Value="Form"/>
      </Unit>
      <Unit>
        <Filename Value="Elements/Texte/udkTexte_display.pas"/>
        <IsPartOfProject Value="True"/>
        <ComponentName Value="dkTexte_display"/>
        <HasResources Value="True"/>
        <ResourceBaseClass Value="Form"/>
      </Unit>
      <Unit>
        <Filename Value="Elements/Texte/udkTexte_edit.pas"/>
        <IsPartOfProject Value="True"/>
        <ComponentName Value="dkTexte_edit"/>
        <HasResources Value="True"/>
        <ResourceBaseClass Value="Form"/>
      </Unit>
      <Unit>
        <Filename Value="Elements/Texte/ufTexte_dsb.pas"/>
        <IsPartOfProject Value="True"/>
        <ComponentName Value="fTexte_dsb"/>
        <HasResources Value="True"/>
        <ResourceBaseClass Value="Form"/>
      </Unit>
      <Unit>
        <Filename Value="Elements/Texte/uhfTexte.pas"/>
        <IsPartOfProject Value="True"/>
      </Unit>
      <Unit>
        <Filename Value="Elements/Texte/upoolTexte.pas"/>
        <IsPartOfProject Value="True"/>
      </Unit>
      <Unit>
        <Filename Value="Elements/Texte/ublTexte.pas"/>
        <IsPartOfProject Value="True"/>
      </Unit>
      <Unit>
        <Filename Value="ufChargement.pas"/>
        <IsPartOfProject Value="True"/>
        <ComponentName Value="fChargement"/>
        <HasResources Value="True"/>
        <ResourceBaseClass Value="Form"/>
      </Unit>
      <Unit>
        <Filename Value="Elements/Timing/ufTiming_dsb.pas"/>
        <IsPartOfProject Value="True"/>
        <ComponentName Value="fTiming_dsb"/>
        <HasResources Value="True"/>
        <ResourceBaseClass Value="Form"/>
      </Unit>
      <Unit>
        <Filename Value="Elements/Timing/upoolTiming.pas"/>
        <IsPartOfProject Value="True"/>
      </Unit>
      <Unit>
        <Filename Value="Elements/Timing/ublTiming.pas"/>
        <IsPartOfProject Value="True"/>
      </Unit>
      <Unit>
        <Filename Value="Elements/Timing/udkTiming_display.pas"/>
        <IsPartOfProject Value="True"/>
        <ComponentName Value="dkTiming_display"/>
        <HasResources Value="True"/>
        <ResourceBaseClass Value="Form"/>
      </Unit>
      <Unit>
        <Filename Value="Elements/Timing/udkTiming_edit.pas"/>
        <IsPartOfProject Value="True"/>
        <ComponentName Value="dkTiming_edit"/>
        <HasResources Value="True"/>
        <ResourceBaseClass Value="Form"/>
      </Unit>
      <Unit>
        <Filename Value="Elements/Texte/udkTexte_display_1.pas"/>
        <IsPartOfProject Value="True"/>
        <ComponentName Value="dkTexte_display_1"/>
        <HasResources Value="True"/>
        <ResourceBaseClass Value="Form"/>
      </Unit>
      <Unit>
        <Filename Value="Elements/Timing/ufTiming_Play.pas"/>
        <IsPartOfProject Value="True"/>
        <ComponentName Value="fTiming_Play"/>
        <HasResources Value="True"/>
        <ResourceBaseClass Value="Form"/>
      </Unit>
      <Unit>
        <Filename Value="Elements/Texte/udkTexte_display_3.pas"/>
        <IsPartOfProject Value="True"/>
        <ComponentName Value="dkTexte_display_3"/>
        <HasResources Value="True"/>
        <ResourceBaseClass Value="Form"/>
      </Unit>
      <Unit>
        <Filename Value="ufPlay.pas"/>
        <IsPartOfProject Value="True"/>
        <ComponentName Value="fPlay"/>
        <HasResources Value="True"/>
        <ResourceBaseClass Value="Form"/>
      </Unit>
    </Units>
  </ProjectOptions>
  <CompilerOptions>
    <Version Value="11"/>
    <Target>
      <Filename Value="jsKaraoke"/>
    </Target>
    <SearchPaths>
      <IncludeFiles Value="$(ProjOutDir)"/>
      <OtherUnitFiles Value="Elements/Texte;Elements/Timing"/>
      <UnitOutputDirectory Value="lib/$(TargetCPU)-$(TargetOS)"/>
    </SearchPaths>
    <Linking>
      <Debugging>
        <DebugInfoType Value="dsDwarf3"/>
      </Debugging>
      <Options>
        <Win32>
          <GraphicApplication Value="True"/>
        </Win32>
      </Options>
    </Linking>
  </CompilerOptions>
  <Debugging>
    <Exceptions>
      <Item>
        <Name Value="EAbort"/>
      </Item>
      <Item>
        <Name Value="ECodetoolError"/>
      </Item>
      <Item>
        <Name Value="EFOpenError"/>
      </Item>
    </Exceptions>
  </Debugging>
</CONFIG>
