<?xml version="1.0" encoding="UTF-8"?>
<CONFIG>
  <ProjectOptions>
    <Version Value="11"/>
    <PathDelim Value="\"/>
    <General>
      <Flags>
        <MainUnitHasCreateFormStatements Value="False"/>
        <MainUnitHasTitleStatement Value="False"/>
        <LRSInOutputDirectory Value="False"/>
      </Flags>
      <SessionStorage Value="InProjectDir"/>
      <MainUnit Value="0"/>
      <Title Value="controls"/>
      <UseAppBundle Value="False"/>
      <ResourceType Value="res"/>
    </General>
    <CustomData Count="9">
      <Item0 Name="BuildSystem" Value="Gradle"/>
      <Item1 Name="LAMW" Value="GUI"/>
      <Item2 Name="LamwVersion" Value="0.8.4"/>
      <Item3 Name="NdkApi" Value="android-22"/>
      <Item4 Name="NdkPath" Value="C:\Users\root\LAMW\sdk\ndk-bundle\"/>
      <Item5 Name="Package" Value="com.mars42.jsworks.jsworks"/>
      <Item6 Name="SdkPath" Value="C:\Users\root\LAMW\sdk\"/>
      <Item7 Name="StartModule" Value="fjsWorks"/>
      <Item8 Name="Theme" Value="DeviceDefault"/>
    </CustomData>
    <BuildModes Count="1">
      <Item1 Name="Default" Default="True"/>
    </BuildModes>
    <PublishOptions>
      <Version Value="2"/>
    </PublishOptions>
    <RunParams>
      <FormatVersion Value="2"/>
      <Modes Count="1">
        <Mode0 Name="default"/>
      </Modes>
    </RunParams>
    <RequiredPackages Count="3">
      <Item1>
        <PackageName Value="OD_DelphiReportEngine_Controls_LAMW"/>
      </Item1>
      <Item2>
        <PackageName Value="OD_DelphiReportEngine_Units"/>
      </Item2>
      <Item3>
        <PackageName Value="tfpandroidbridge_pack"/>
      </Item3>
    </RequiredPackages>
    <Units Count="17">
      <Unit0>
        <Filename Value="controls.lpr"/>
        <IsPartOfProject Value="True"/>
      </Unit0>
      <Unit1>
        <Filename Value="ufjsWorks.pas"/>
        <IsPartOfProject Value="True"/>
        <ComponentName Value="fjsWorks"/>
        <HasResources Value="True"/>
        <CustomData Count="1">
          <Item0 Name="jControls" Value="jButton;jMenu;jPanel;jTextView"/>
        </CustomData>
      </Unit1>
      <Unit2>
        <Filename Value="..\..\..\Elements\Work\upoolWork.pas"/>
        <IsPartOfProject Value="True"/>
        <HasResources Value="True"/>
      </Unit2>
      <Unit3>
        <Filename Value="..\..\..\..\pascal_o_r_mapping\3_Data\uhAggregation.pas"/>
        <IsPartOfProject Value="True"/>
      </Unit3>
      <Unit4>
        <Filename Value="..\..\..\Elements\Tag\ublTag.pas"/>
        <IsPartOfProject Value="True"/>
      </Unit4>
      <Unit5>
        <Filename Value="..\..\..\..\pascal_o_r_mapping\7_sources_externes\synapse\source\lib\blcksock.pas"/>
        <IsPartOfProject Value="True"/>
      </Unit5>
      <Unit6>
        <Filename Value="fphttpclient.pas"/>
        <IsPartOfProject Value="True"/>
      </Unit6>
      <Unit7>
        <Filename Value="..\..\..\Elements\Tag\upoolTag.pas"/>
        <IsPartOfProject Value="True"/>
        <HasResources Value="True"/>
      </Unit7>
      <Unit8>
        <Filename Value="..\..\..\Elements\Tag_Work\upoolTag_Work.pas"/>
        <IsPartOfProject Value="True"/>
        <HasResources Value="True"/>
      </Unit8>
      <Unit9>
        <Filename Value="..\..\..\..\pascal_o_r_mapping\3_Data\udmDatabase.pas"/>
        <IsPartOfProject Value="True"/>
        <HasResources Value="True"/>
      </Unit9>
      <Unit10>
        <Filename Value="..\..\..\Elements\Work\ublWork.pas"/>
        <IsPartOfProject Value="True"/>
      </Unit10>
      <Unit11>
        <Filename Value="uSQLite_Android.pas"/>
        <IsPartOfProject Value="True"/>
      </Unit11>
      <Unit12>
        <Filename Value="..\..\..\Elements\Type_Tag\ublType_Tag.pas"/>
        <IsPartOfProject Value="True"/>
      </Unit12>
      <Unit13>
        <Filename Value="ufTest_SQLiteDataAccess.pas"/>
        <IsPartOfProject Value="True"/>
        <ComponentName Value="fTest_SQLiteDataAccess"/>
        <HasResources Value="True"/>
        <CustomData Count="1">
          <Item0 Name="jControls" Value="jButton;jSqliteCursor;jSqliteDataAccess;jTextView"/>
        </CustomData>
      </Unit13>
      <Unit14>
        <Filename Value="uAndroid_Database.pas"/>
        <IsPartOfProject Value="True"/>
      </Unit14>
      <Unit15>
        <Filename Value="ufUtilitaires.pas"/>
        <IsPartOfProject Value="True"/>
        <ComponentName Value="fUtilitaires"/>
        <HasResources Value="True"/>
        <CustomData Count="1">
          <Item0 Name="jControls" Value="jButton"/>
        </CustomData>
      </Unit15>
      <Unit16>
        <Filename Value="ufWork.pas"/>
        <IsPartOfProject Value="True"/>
        <ComponentName Value="fWork"/>
        <HasResources Value="True"/>
        <CustomData Count="1">
          <Item0 Name="jControls" Value="jButton;jEditText;jPanel;jTextView"/>
        </CustomData>
      </Unit16>
    </Units>
  </ProjectOptions>
  <CompilerOptions>
    <Version Value="11"/>
    <PathDelim Value="\"/>
    <Target>
      <Filename Value="..\libs\armeabi\libcontrols"/>
    </Target>
    <SearchPaths>
      <Libraries Value="C:\Users\root\LAMW\sdk\ndk-bundle\platforms\android-22\arch-arm\usr\lib\;C:\Users\root\LAMW\sdk\ndk-bundle\toolchains\arm-linux-androideabi-4.9\prebuilt\windows-x86_64\lib\gcc\arm-linux-androideabi\4.9.x\"/>
      <OtherUnitFiles Value="..\..\..\Elements\Work;..\..\..\Elements\Tag;..\..\..\..\pascal_o_r_mapping\7_sources_externes\synapse\source\lib;..\..\..\Elements\Tag_Work;..\..\..\Elements\Type_Tag;..\..\..\..\pascal_o_r_mapping\3_Data"/>
      <UnitOutputDirectory Value="..\obj\controls"/>
    </SearchPaths>
    <Parsing>
      <SyntaxOptions>
        <SyntaxMode Value="Delphi"/>
        <CStyleMacros Value="True"/>
      </SyntaxOptions>
    </Parsing>
    <CodeGeneration>
      <SmartLinkUnit Value="True"/>
      <TargetCPU Value="arm"/>
      <TargetOS Value="android"/>
      <Optimizations>
        <OptimizationLevel Value="3"/>
      </Optimizations>
      <SmallerCode Value="True"/>
    </CodeGeneration>
    <Linking>
      <Debugging>
        <StripSymbols Value="True"/>
        <UseExternalDbgSyms Value="True"/>
      </Debugging>
      <LinkSmart Value="True"/>
      <Options>
        <ExecutableType Value="Library"/>
      </Options>
    </Linking>
    <Other>
      <CustomOptions Value="-Xd -CfSoft -CpARMV6 -XParm-linux-androideabi- -FDC:\Users\root\LAMW\sdk\ndk-bundle\toolchains\arm-linux-androideabi-4.9\prebuilt\windows-x86_64\bin"/>
    </Other>
  </CompilerOptions>
  <Debugging>
    <Exceptions Count="3">
      <Item1>
        <Name Value="EAbort"/>
      </Item1>
      <Item2>
        <Name Value="ECodetoolError"/>
      </Item2>
      <Item3>
        <Name Value="EFOpenError"/>
      </Item3>
    </Exceptions>
  </Debugging>
</CONFIG>
