<?xml version="1.0" encoding="UTF-8"?>
<CONFIG>
  <ProjectOptions>
    <Version Value="10"/>
    <PathDelim Value="\"/>
    <General>
      <Flags>
        <MainUnitHasCreateFormStatements Value="False"/>
        <MainUnitHasTitleStatement Value="False"/>
        <LRSInOutputDirectory Value="False"/>
      </Flags>
      <SessionStorage Value="InProjectDir"/>
      <MainUnit Value="0"/>
      <Title Value="controls"/>
      <UseAppBundle Value="False"/>
      <ResourceType Value="res"/>
      <XPManifest>
        <TextName Value="CompanyName.ProductName.AppName"/>
        <TextDesc Value="Your application description."/>
      </XPManifest>
    </General>
    <CustomData Count="6">
      <Item0 Name="LAMW" Value="GUI"/>
      <Item1 Name="LamwVersion" Value="0.7"/>
      <Item2 Name="NdkPath" Value="C:\lamw\android-ndk-r10e-windows-x86\"/>
      <Item3 Name="Package" Value="com.mars42.jsworks.jsworks"/>
      <Item4 Name="SdkPath" Value="C:\lamw\android-sdk-windows\"/>
      <Item5 Name="StartModule" Value="amjsWorks"/>
    </CustomData>
    <BuildModes Count="1">
      <Item1 Name="Default" Default="True"/>
    </BuildModes>
    <PublishOptions>
      <Version Value="2"/>
    </PublishOptions>
    <RunParams>
      <local>
        <FormatVersion Value="1"/>
      </local>
    </RunParams>
    <RequiredPackages Count="2">
      <Item1>
        <PackageName Value="OD_DelphiReportEngine_Units"/>
      </Item1>
      <Item2>
        <PackageName Value="tfpandroidbridge_pack"/>
      </Item2>
    </RequiredPackages>
    <Units Count="13">
      <Unit0>
        <Filename Value="controls.lpr"/>
        <IsPartOfProject Value="True"/>
      </Unit0>
      <Unit1>
        <Filename Value="uamjsWorks.pas"/>
        <IsPartOfProject Value="True"/>
        <ComponentName Value="amjsWorks"/>
        <HasResources Value="True"/>
        <CustomData Count="1">
          <Item0 Name="jControls" Value="jButton;jForm;jSqliteCursor;jSqliteDataAccess;jTextView"/>
        </CustomData>
      </Unit1>
      <Unit2>
        <Filename Value="..\..\..\Elements\Work\upoolWork.pas"/>
        <IsPartOfProject Value="True"/>
        <HasResources Value="True"/>
      </Unit2>
      <Unit3>
        <Filename Value="..\..\..\..\pascal_o_r_mapping\3_Data\uhAggregation.pas"/>
        <IsPartOfProject Value="True"/>
      </Unit3>
      <Unit4>
        <Filename Value="..\..\..\Elements\Tag\ublTag.pas"/>
        <IsPartOfProject Value="True"/>
      </Unit4>
      <Unit5>
        <Filename Value="..\..\..\..\pascal_o_r_mapping\7_sources_externes\synapse\source\lib\blcksock.pas"/>
        <IsPartOfProject Value="True"/>
      </Unit5>
      <Unit6>
        <Filename Value="fphttpclient.pas"/>
        <IsPartOfProject Value="True"/>
      </Unit6>
      <Unit7>
        <Filename Value="..\..\..\Elements\Tag\upoolTag.pas"/>
        <IsPartOfProject Value="True"/>
        <HasResources Value="True"/>
      </Unit7>
      <Unit8>
        <Filename Value="..\..\..\Elements\Tag_Work\upoolTag_Work.pas"/>
        <IsPartOfProject Value="True"/>
        <HasResources Value="True"/>
      </Unit8>
      <Unit9>
        <Filename Value="..\..\..\..\pascal_o_r_mapping\3_Data\udmDatabase.pas"/>
        <IsPartOfProject Value="True"/>
        <HasResources Value="True"/>
      </Unit9>
      <Unit10>
        <Filename Value="..\..\..\Elements\Work\ublWork.pas"/>
        <IsPartOfProject Value="True"/>
      </Unit10>
      <Unit11>
        <Filename Value="uSQLite_Android.pas"/>
        <IsPartOfProject Value="True"/>
      </Unit11>
      <Unit12>
        <Filename Value="..\..\..\Elements\Type_Tag\ublType_Tag.pas"/>
        <IsPartOfProject Value="True"/>
      </Unit12>
    </Units>
  </ProjectOptions>
  <CompilerOptions>
    <Version Value="11"/>
    <PathDelim Value="\"/>
    <Target>
      <Filename Value="..\libs\armeabi-v7a\libcontrols"/>
    </Target>
    <SearchPaths>
      <Libraries Value="C:\lamw\android-ndk-r10e-windows-x86\platforms\android-17\arch-arm\usr\lib\;C:\lamw\android-ndk-r10e-windows-x86\toolchains\arm-linux-androideabi-4.9\prebuilt\windows\lib\gcc\arm-linux-androideabi\4.9\"/>
      <OtherUnitFiles Value="..\..\..\Elements\Work;..\..\..\..\pascal_o_r_mapping\3_Data;..\..\..\Elements\Tag;..\..\..\..\pascal_o_r_mapping\7_sources_externes\synapse\source\lib;..\..\..\Elements\Tag_Work;..\..\..\Elements\Type_Tag"/>
      <UnitOutputDirectory Value="..\obj\controls"/>
    </SearchPaths>
    <Parsing>
      <SyntaxOptions>
        <SyntaxMode Value="Delphi"/>
        <CStyleMacros Value="True"/>
      </SyntaxOptions>
    </Parsing>
    <CodeGeneration>
      <SmartLinkUnit Value="True"/>
      <TargetCPU Value="arm"/>
      <TargetOS Value="android"/>
      <Optimizations>
        <OptimizationLevel Value="3"/>
      </Optimizations>
      <SmallerCode Value="True"/>
    </CodeGeneration>
    <Linking>
      <Debugging>
        <StripSymbols Value="True"/>
        <UseExternalDbgSyms Value="True"/>
      </Debugging>
      <LinkSmart Value="True"/>
      <Options>
        <ExecutableType Value="Library"/>
      </Options>
    </Linking>
    <Other>
      <CustomOptions Value="-Xd -CfSoft -CpARMV7A -XParm-linux-androideabi- -FDC:\lamw\android-ndk-r10e-windows-x86\toolchains\arm-linux-androideabi-4.9\prebuilt\windows\bin"/>
    </Other>
  </CompilerOptions>
  <Debugging>
    <Exceptions Count="3">
      <Item1>
        <Name Value="EAbort"/>
      </Item1>
      <Item2>
        <Name Value="ECodetoolError"/>
      </Item2>
      <Item3>
        <Name Value="EFOpenError"/>
      </Item3>
    </Exceptions>
  </Debugging>
</CONFIG>
