<?xml version="1.0" encoding="UTF-8"?>
<CONFIG>
  <ProjectOptions>
    <Version Value="11"/>
    <General>
      <SessionStorage Value="InProjectDir"/>
      <MainUnit Value="0"/>
      <Title Value="fuPASCAL_O_R_MAPPING"/>
      <ResourceType Value="res"/>
      <UseXPManifest Value="True"/>
      <Icon Value="0"/>
    </General>
    <i18n>
      <EnableI18N LFM="False"/>
    </i18n>
    <BuildModes Count="1">
      <Item1 Name="default" Default="True"/>
    </BuildModes>
    <PublishOptions>
      <Version Value="2"/>
    </PublishOptions>
    <RunParams>
      <FormatVersion Value="2"/>
      <Modes Count="1">
        <Mode0 Name="default"/>
      </Modes>
    </RunParams>
    <RequiredPackages Count="7">
      <Item1>
        <PackageName Value="TAChartLazarusPkg"/>
      </Item1>
      <Item2>
        <PackageName Value="ndyacclexlib"/>
      </Item2>
      <Item3>
        <PackageName Value="OD_DelphiReportEngine_Controls"/>
      </Item3>
      <Item4>
        <PackageName Value="fpcunittestrunner"/>
      </Item4>
      <Item5>
        <PackageName Value="OD_DelphiReportEngine_Units"/>
      </Item5>
      <Item6>
        <PackageName Value="LCL"/>
      </Item6>
      <Item7>
        <PackageName Value="FCL"/>
      </Item7>
    </RequiredPackages>
    <Units Count="25">
      <Unit0>
        <Filename Value="fuPASCAL_O_R_MAPPING.lpr"/>
        <IsPartOfProject Value="True"/>
      </Unit0>
      <Unit1>
        <Filename Value="TestCase/tcOpenDocument/utcOpenDocument.pas"/>
        <IsPartOfProject Value="True"/>
      </Unit1>
      <Unit2>
        <Filename Value="TestCase/tcOpenDocument_Embed_Image/Elements/Test/ublTest.pas"/>
        <IsPartOfProject Value="True"/>
      </Unit2>
      <Unit3>
        <Filename Value="../../pascal_o_r_mapping/3_Data/uBatpro_Ligne.pas"/>
        <IsPartOfProject Value="True"/>
      </Unit3>
      <Unit4>
        <Filename Value="TestCase/tcOpenDocument_Embed_Image/utcOpenDocument_Embed_Image.pas"/>
        <IsPartOfProject Value="True"/>
      </Unit4>
      <Unit5>
        <Filename Value="TestCase/tcWinUtils/utcWinUtils.pas"/>
        <IsPartOfProject Value="True"/>
      </Unit5>
      <Unit6>
        <Filename Value="TestCase/tcWinUtils/uftcWinUtils.pas"/>
        <IsPartOfProject Value="True"/>
        <ComponentName Value="ftcWinUtils"/>
        <ResourceBaseClass Value="Form"/>
      </Unit6>
      <Unit7>
        <Filename Value="TestCase/tcWinUtils/Elements/TestWinUtils/ublTestWinUtils.pas"/>
        <IsPartOfProject Value="True"/>
      </Unit7>
      <Unit8>
        <Filename Value="TestCase/tcWinUtils/Elements/TestWinUtils/uhdmTestWinUtils.pas"/>
        <IsPartOfProject Value="True"/>
      </Unit8>
      <Unit9>
        <Filename Value="TestCase/tcDockableScrollbox/utcDockableScrollbox.pas"/>
        <IsPartOfProject Value="True"/>
      </Unit9>
      <Unit10>
        <Filename Value="TestCase/tcDockableScrollbox/Elements/TestDockableScrollbox/ublTestDockableScrollbox.pas"/>
        <IsPartOfProject Value="True"/>
      </Unit10>
      <Unit11>
        <Filename Value="TestCase/tcDockableScrollbox/Elements/TestDockableScrollbox/uhdmTestDockableScrollbox.pas"/>
        <IsPartOfProject Value="True"/>
      </Unit11>
      <Unit12>
        <Filename Value="TestCase/tcDockableScrollbox/Elements/TestDockableScrollbox/udkTestDockableScrollbox.pas"/>
        <IsPartOfProject Value="True"/>
        <ComponentName Value="dkTestDockableScrollbox"/>
        <HasResources Value="True"/>
        <ResourceBaseClass Value="Form"/>
      </Unit12>
      <Unit13>
        <Filename Value="TestCase/tcCode_barre_pdf417/utcCode_barre_pdf417.pas"/>
        <IsPartOfProject Value="True"/>
      </Unit13>
      <Unit14>
        <Filename Value="../../pascal_o_r_mapping/5_Controls/ucDockableScrollbox.pas"/>
        <IsPartOfProject Value="True"/>
      </Unit14>
      <Unit15>
        <Filename Value="../../GPL/uCode_barre_pdf417.pas"/>
        <IsPartOfProject Value="True"/>
      </Unit15>
      <Unit16>
        <Filename Value="TestCase/tcOpenDocument_AddHTML/utcOpenDocument_AddHTML.pas"/>
        <IsPartOfProject Value="True"/>
      </Unit16>
      <Unit17>
        <Filename Value="TestCase/tcOpenDocument_AddHTML/Elements/Test_HTML/ublTest_HTML.pas"/>
        <IsPartOfProject Value="True"/>
      </Unit17>
      <Unit18>
        <Filename Value="tcOpenDocument_AddHTML_3.html"/>
        <IsPartOfProject Value="True"/>
      </Unit18>
      <Unit19>
        <Filename Value="TestCase/tcStrings/utcStrings.pas"/>
        <IsPartOfProject Value="True"/>
      </Unit19>
      <Unit20>
        <Filename Value="../../OOo/uOD.pas"/>
        <IsPartOfProject Value="True"/>
      </Unit20>
      <Unit21>
        <Filename Value="TestCase/tcOD/utcOD.pas"/>
        <IsPartOfProject Value="True"/>
      </Unit21>
      <Unit22>
        <Filename Value="../../pascal_o_r_mapping/7_sources_externes/synapse/source/lib/blcksock.pas"/>
        <IsPartOfProject Value="True"/>
      </Unit22>
      <Unit23>
        <Filename Value="TestCase/tcDataUtilsU/utcDataUtilsU.pas"/>
        <IsPartOfProject Value="True"/>
      </Unit23>
      <Unit24>
        <Filename Value="TestCase/tcDataUtilsU/uftcDataUtilsU.pas"/>
        <IsPartOfProject Value="True"/>
        <ComponentName Value="ftcDataUtilsU"/>
        <ResourceBaseClass Value="Form"/>
      </Unit24>
    </Units>
  </ProjectOptions>
  <CompilerOptions>
    <Version Value="11"/>
    <SearchPaths>
      <IncludeFiles Value="$(ProjOutDir)"/>
      <OtherUnitFiles Value="../../pascal_o_r_mapping/3_Data;Elements/Test;TestCase/tcOpenDocument_Embed_Image;TestCase/tcOpenDocument_Embed_Image/Elements/Test;TestCase/tcWinUtils;TestCase/tcWinUtils/Elements/TestWinUtils;TestCase/tcDockableScrollbox;TestCase/tcDockableScrollbox/Elements/TestDockableScrollbox;TestCase/tcCode_barre_pdf417;../../GPL;TestCase/tcOpenDocument;TestCase/tcOpenDocument_AddHTML;TestCase/tcOpenDocument_AddHTML/Elements/Test_HTML;TestCase/tcStrings;TestCase/tcOD;../../OOo;../../pascal_o_r_mapping/7_sources_externes/synapse/source/lib;TestCase/tcDataUtilsU"/>
    </SearchPaths>
    <Parsing>
      <SyntaxOptions>
        <SyntaxMode Value="Delphi"/>
        <IncludeAssertionCode Value="True"/>
      </SyntaxOptions>
    </Parsing>
    <CodeGeneration>
      <Checks>
        <IOChecks Value="True"/>
        <RangeChecks Value="True"/>
        <OverflowChecks Value="True"/>
        <StackChecks Value="True"/>
      </Checks>
    </CodeGeneration>
    <Linking>
      <Debugging>
        <DebugInfoType Value="dsDwarf2Set"/>
        <UseHeaptrc Value="True"/>
        <UseExternalDbgSyms Value="True"/>
      </Debugging>
    </Linking>
  </CompilerOptions>
  <Debugging>
    <Exceptions Count="3">
      <Item1>
        <Name Value="EAbort"/>
      </Item1>
      <Item2>
        <Name Value="ECodetoolError"/>
      </Item2>
      <Item3>
        <Name Value="EFOpenError"/>
      </Item3>
    </Exceptions>
  </Debugging>
</CONFIG>
