<?xml version="1.0" encoding="UTF-8"?>
<CONFIG>
  <ProjectOptions>
    <Version Value="9"/>
    <General>
      <SessionStorage Value="InProjectDir"/>
      <MainUnit Value="0"/>
      <Title Value="jsWorks_mswindows"/>
      <ResourceType Value="res"/>
      <UseXPManifest Value="True"/>
      <Icon Value="0"/>
    </General>
    <i18n>
      <EnableI18N LFM="False"/>
    </i18n>
    <VersionInfo>
      <StringTable ProductVersion=""/>
    </VersionInfo>
    <BuildModes Count="1">
      <Item1 Name="Default" Default="True"/>
    </BuildModes>
    <PublishOptions>
      <Version Value="2"/>
    </PublishOptions>
    <RunParams>
      <local>
        <FormatVersion Value="1"/>
      </local>
    </RunParams>
    <RequiredPackages Count="2">
      <Item1>
        <PackageName Value="OD_DelphiReportEngine_Controls_Windows"/>
      </Item1>
      <Item2>
        <PackageName Value="LCL"/>
      </Item2>
    </RequiredPackages>
    <Units Count="73">
      <Unit0>
        <Filename Value="jsWorks_mswindows.lpr"/>
        <IsPartOfProject Value="True"/>
        <UnitName Value="jsWorks_mswindows"/>
      </Unit0>
      <Unit1>
        <Filename Value="ufjsWorks.pas"/>
        <IsPartOfProject Value="True"/>
        <ComponentName Value="fjsWorks"/>
        <HasResources Value="True"/>
        <ResourceBaseClass Value="Form"/>
        <UnitName Value="ufjsWorks"/>
      </Unit1>
      <Unit2>
        <Filename Value="ublCategorie.pas"/>
        <IsPartOfProject Value="True"/>
        <UnitName Value="ublCategorie"/>
      </Unit2>
      <Unit3>
        <Filename Value="ublDevelopment.pas"/>
        <IsPartOfProject Value="True"/>
        <UnitName Value="ublDevelopment"/>
      </Unit3>
      <Unit4>
        <Filename Value="ublJour_ferie.pas"/>
        <IsPartOfProject Value="True"/>
        <UnitName Value="ublJour_ferie"/>
      </Unit4>
      <Unit5>
        <Filename Value="ublProject.pas"/>
        <IsPartOfProject Value="True"/>
        <UnitName Value="ublProject"/>
      </Unit5>
      <Unit6>
        <Filename Value="ublState.pas"/>
        <IsPartOfProject Value="True"/>
        <UnitName Value="ublState"/>
      </Unit6>
      <Unit7>
        <Filename Value="ublWork.pas"/>
        <IsPartOfProject Value="True"/>
        <UnitName Value="ublWork"/>
      </Unit7>
      <Unit8>
        <Filename Value="uhfCategorie.pas"/>
        <IsPartOfProject Value="True"/>
        <UnitName Value="uhfCategorie"/>
      </Unit8>
      <Unit9>
        <Filename Value="upoolCategorie.pas"/>
        <IsPartOfProject Value="True"/>
        <HasResources Value="True"/>
        <UnitName Value="upoolCategorie"/>
      </Unit9>
      <Unit10>
        <Filename Value="upoolDevelopment.pas"/>
        <IsPartOfProject Value="True"/>
        <HasResources Value="True"/>
        <UnitName Value="upoolDevelopment"/>
      </Unit10>
      <Unit11>
        <Filename Value="upoolJour_ferie.pas"/>
        <IsPartOfProject Value="True"/>
        <HasResources Value="True"/>
        <UnitName Value="upoolJour_ferie"/>
      </Unit11>
      <Unit12>
        <Filename Value="upoolProject.pas"/>
        <IsPartOfProject Value="True"/>
        <HasResources Value="True"/>
        <UnitName Value="upoolProject"/>
      </Unit12>
      <Unit13>
        <Filename Value="upoolState.pas"/>
        <IsPartOfProject Value="True"/>
        <HasResources Value="True"/>
        <UnitName Value="upoolState"/>
      </Unit13>
      <Unit14>
        <Filename Value="upoolWork.pas"/>
        <IsPartOfProject Value="True"/>
        <ComponentName Value="poolWORK"/>
        <HasResources Value="True"/>
        <ResourceBaseClass Value="Form"/>
        <UnitName Value="upoolWork"/>
      </Unit14>
      <Unit15>
        <Filename Value="uhfWork.pas"/>
        <IsPartOfProject Value="True"/>
        <UnitName Value="uhfWork"/>
      </Unit15>
      <Unit16>
        <Filename Value="udkProject_EDIT.pas"/>
        <IsPartOfProject Value="True"/>
        <ComponentName Value="dkProject_EDIT"/>
        <HasResources Value="True"/>
        <ResourceBaseClass Value="Form"/>
        <UnitName Value="udkProject_EDIT"/>
      </Unit16>
      <Unit17>
        <Filename Value="udkProject_LABEL.pas"/>
        <IsPartOfProject Value="True"/>
        <ComponentName Value="dkProject_LABEL"/>
        <HasResources Value="True"/>
        <ResourceBaseClass Value="Form"/>
        <UnitName Value="udkProject_LABEL"/>
      </Unit17>
      <Unit18>
        <Filename Value="ufProject.pas"/>
        <IsPartOfProject Value="True"/>
        <ComponentName Value="fProject"/>
        <HasResources Value="True"/>
        <ResourceBaseClass Value="Form"/>
        <UnitName Value="ufProject"/>
      </Unit18>
      <Unit19>
        <Filename Value="udkWork.pas"/>
        <IsPartOfProject Value="True"/>
        <ComponentName Value="dkWork"/>
        <HasResources Value="True"/>
        <ResourceBaseClass Value="Form"/>
        <UnitName Value="udkWork"/>
      </Unit19>
      <Unit20>
        <Filename Value="udkDevelopment.pas"/>
        <IsPartOfProject Value="True"/>
        <ComponentName Value="dkDevelopment"/>
        <HasResources Value="True"/>
        <ResourceBaseClass Value="Form"/>
        <UnitName Value="udkDevelopment"/>
      </Unit20>
      <Unit21>
        <Filename Value="../pascal_o_r_mapping/3_Data/uXML.pas"/>
        <IsPartOfProject Value="True"/>
        <UnitName Value="uXML"/>
      </Unit21>
      <Unit22>
        <Filename Value="../pascal_o_r_mapping/7_sources_externes/synapse/source/lib/blcksock.pas"/>
        <IsPartOfProject Value="True"/>
        <UnitName Value="blcksock"/>
      </Unit22>
      <Unit23>
        <Filename Value="../OOo/uOD_Table_Batpro.pas"/>
        <IsPartOfProject Value="True"/>
        <UnitName Value="uOD_Table_Batpro"/>
      </Unit23>
      <Unit24>
        <Filename Value="../Generation_de_code/ufAutomatic.pas"/>
        <IsPartOfProject Value="True"/>
        <HasResources Value="True"/>
        <UnitName Value="ufAutomatic"/>
      </Unit24>
      <Unit25>
        <Filename Value="../pascal_o_r_mapping/3_Data/Automatic/ublAutomatic.pas"/>
        <IsPartOfProject Value="True"/>
        <UnitName Value="ublAutomatic"/>
      </Unit25>
      <Unit26>
        <Filename Value="../pascal_o_r_mapping/3_Data/Automatic/Code_Generation/File_Handler/uPatternHandler.pas"/>
        <IsPartOfProject Value="True"/>
        <UnitName Value="uPatternHandler"/>
      </Unit26>
      <Unit27>
        <Filename Value="../pascal_o_r_mapping/3_Data/Automatic/Code_Generation/uGenerateur_Delphi_Ancetre.pas"/>
        <IsPartOfProject Value="True"/>
        <UnitName Value="uGenerateur_Delphi_Ancetre"/>
      </Unit27>
      <Unit28>
        <Filename Value="../pascal_o_r_mapping/3_Data/Automatic/Code_Generation/JoinPoint/uJoinPoint.pas"/>
        <IsPartOfProject Value="True"/>
        <UnitName Value="uJoinPoint"/>
      </Unit28>
      <Unit29>
        <Filename Value="../pascal_o_r_mapping/3_Data/Automatic/Code_Generation/JoinPoint/02_Pascal/ujpPascal_Declaration_cle.pas"/>
        <IsPartOfProject Value="True"/>
        <UnitName Value="ujpPascal_Declaration_cle"/>
      </Unit29>
      <Unit30>
        <Filename Value="../pascal_o_r_mapping/3_Data/Automatic/Code_Generation/JoinPoint/02_Pascal/ujpPascal_Affecte.pas"/>
        <IsPartOfProject Value="True"/>
        <UnitName Value="ujpPascal_Affecte"/>
      </Unit30>
      <Unit31>
        <Filename Value="../pascal_o_r_mapping/3_Data/Automatic/Code_Generation/JoinPoint/02_Pascal/ujpPascal_Champ_EditDFM.pas"/>
        <IsPartOfProject Value="True"/>
        <UnitName Value="ujpPascal_Champ_EditDFM"/>
      </Unit31>
      <Unit32>
        <Filename Value="../pascal_o_r_mapping/3_Data/Automatic/Code_Generation/JoinPoint/01_SQL/ujpSQL_CREATE_TABLE.pas"/>
        <IsPartOfProject Value="True"/>
        <UnitName Value="ujpSQL_CREATE_TABLE"/>
      </Unit32>
      <Unit33>
        <Filename Value="../pascal_o_r_mapping/3_Data/Automatic/Code_Generation/JoinPoint/01_SQL/ujpSQL_Order_By_Key.pas"/>
        <IsPartOfProject Value="True"/>
        <UnitName Value="ujpSQL_Order_By_Key"/>
      </Unit33>
      <Unit34>
        <Filename Value="../pascal_o_r_mapping/3_Data/Automatic/Code_Generation/JoinPoint/00_General/ujpNom_de_la_classe.pas"/>
        <IsPartOfProject Value="True"/>
        <UnitName Value="ujpNom_de_la_classe"/>
      </Unit34>
      <Unit35>
        <Filename Value="../pascal_o_r_mapping/3_Data/Automatic/Code_Generation/JoinPoint/00_General/ujpNom_de_la_table.pas"/>
        <IsPartOfProject Value="True"/>
        <UnitName Value="ujpNom_de_la_table"/>
      </Unit35>
      <Unit36>
        <Filename Value="../pascal_o_r_mapping/3_Data/Automatic/Code_Generation/JoinPoint/00_General/ujpNomTableMinuscule.pas"/>
        <IsPartOfProject Value="True"/>
        <UnitName Value="ujpNomTableMinuscule"/>
      </Unit36>
      <Unit37>
        <Filename Value="../pascal_o_r_mapping/3_Data/Automatic/Code_Generation/JoinPoint/04_PHP_Doctrine/ujpPHP_Doctrine_Has_Column.pas"/>
        <IsPartOfProject Value="True"/>
        <UnitName Value="ujpPHP_Doctrine_Has_Column"/>
      </Unit37>
      <Unit38>
        <Filename Value="../pascal_o_r_mapping/3_Data/Automatic/Code_Generation/JoinPoint/04_PHP_Doctrine/ujpPHP_Doctrine_HasOne.pas"/>
        <IsPartOfProject Value="True"/>
        <UnitName Value="ujpPHP_Doctrine_HasOne"/>
      </Unit38>
      <Unit39>
        <Filename Value="../pascal_o_r_mapping/3_Data/Automatic/Code_Generation/JoinPoint/03_CSharp/ujpCSharp_Conteneurs.pas"/>
        <IsPartOfProject Value="True"/>
        <UnitName Value="ujpCSharp_Conteneurs"/>
      </Unit39>
      <Unit40>
        <Filename Value="../pascal_o_r_mapping/3_Data/Automatic/Code_Generation/JoinPoint/03_CSharp/ujpCSharp_Contenus.pas"/>
        <IsPartOfProject Value="True"/>
        <UnitName Value="ujpCSharp_Contenus"/>
      </Unit40>
      <Unit41>
        <Filename Value="../pascal_o_r_mapping/3_Data/Automatic/Code_Generation/JoinPoint/03_CSharp/ujpCSharp_DocksDetails.pas"/>
        <IsPartOfProject Value="True"/>
        <UnitName Value="ujpCSharp_DocksDetails"/>
      </Unit41>
      <Unit42>
        <Filename Value="../pascal_o_r_mapping/3_Data/Automatic/Code_Generation/JoinPoint/03_CSharp/ujpCSharp_DocksDetails_Affiche.pas"/>
        <IsPartOfProject Value="True"/>
        <UnitName Value="ujpCSharp_DocksDetails_Affiche"/>
      </Unit42>
      <Unit43>
        <Filename Value="../pascal_o_r_mapping/3_Data/Automatic/Code_Generation/JoinPoint/04_PHP_Doctrine/ujpPHP_Doctrine_HasMany.pas"/>
        <IsPartOfProject Value="True"/>
        <UnitName Value="ujpPHP_Doctrine_HasMany"/>
      </Unit43>
      <Unit44>
        <Filename Value="../pascal_o_r_mapping/3_Data/Automatic/Code_Generation/JoinPoint/03_CSharp/ujpCSharp_Champs_persistants.pas"/>
        <IsPartOfProject Value="True"/>
        <UnitName Value="ujpCSharp_Champs_persistants"/>
      </Unit44>
      <Unit45>
        <Filename Value="../pascal_o_r_mapping/3_Data/Automatic/Code_Generation/JoinPoint/03_CSharp/ujpCSharp_Chargement_Conteneurs.pas"/>
        <IsPartOfProject Value="True"/>
        <UnitName Value="ujpCSharp_Chargement_Conteneurs"/>
      </Unit45>
      <Unit46>
        <Filename Value="../pascal_o_r_mapping/3_Data/Automatic/Code_Generation/JoinPoint/02_Pascal/ujpPascal_uses_ubl.pas"/>
        <IsPartOfProject Value="True"/>
        <UnitName Value="ujpPascal_uses_ubl"/>
      </Unit46>
      <Unit47>
        <Filename Value="../pascal_o_r_mapping/3_Data/Automatic/Code_Generation/JoinPoint/02_Pascal/ujpPascal_uses_upool.pas"/>
        <IsPartOfProject Value="True"/>
        <UnitName Value="ujpPascal_uses_upool"/>
      </Unit47>
      <Unit48>
        <Filename Value="../pascal_o_r_mapping/3_Data/Automatic/Code_Generation/JoinPoint/02_Pascal/ujpPascal_f_implementation_uses_key.pas"/>
        <IsPartOfProject Value="True"/>
        <UnitName Value="ujpPascal_f_implementation_uses_key"/>
      </Unit48>
      <Unit49>
        <Filename Value="../pascal_o_r_mapping/3_Data/Automatic/Code_Generation/JoinPoint/02_Pascal/ujpPascal_sCle_from__Declaration.pas"/>
        <IsPartOfProject Value="True"/>
        <UnitName Value="ujpPascal_sCle_from__Declaration"/>
      </Unit49>
      <Unit50>
        <Filename Value="../pascal_o_r_mapping/3_Data/Automatic/Code_Generation/JoinPoint/02_Pascal/ujpPascal_sCle_from__Implementation.pas"/>
        <IsPartOfProject Value="True"/>
        <UnitName Value="ujpPascal_sCle_from__Implementation"/>
      </Unit50>
      <Unit51>
        <Filename Value="../pascal_o_r_mapping/3_Data/Automatic/Code_Generation/JoinPoint/02_Pascal/ujpPascal_sCle_Implementation_Body.pas"/>
        <IsPartOfProject Value="True"/>
        <UnitName Value="ujpPascal_sCle_Implementation_Body"/>
      </Unit51>
      <Unit52>
        <Filename Value="../pascal_o_r_mapping/3_Data/Automatic/Code_Generation/JoinPoint/02_Pascal/ujpPascal_declaration_champs.pas"/>
        <IsPartOfProject Value="True"/>
        <UnitName Value="ujpPascal_declaration_champs"/>
      </Unit52>
      <Unit53>
        <Filename Value="../pascal_o_r_mapping/3_Data/Automatic/Code_Generation/JoinPoint/02_Pascal/ujpPascal_f_Execute_After_Key.pas"/>
        <IsPartOfProject Value="True"/>
        <UnitName Value="ujpPascal_f_Execute_After_Key"/>
      </Unit53>
      <Unit54>
        <Filename Value="../pascal_o_r_mapping/3_Data/Automatic/Code_Generation/JoinPoint/02_Pascal/ujpPascal_f_Execute_Before_Key.pas"/>
        <IsPartOfProject Value="True"/>
        <UnitName Value="ujpPascal_f_Execute_Before_Key"/>
      </Unit54>
      <Unit55>
        <Filename Value="../pascal_o_r_mapping/3_Data/Automatic/Code_Generation/JoinPoint/02_Pascal/ujpPascal_aggregations_faibles_declaration.pas"/>
        <IsPartOfProject Value="True"/>
        <UnitName Value="ujpPascal_aggregations_faibles_declaration"/>
      </Unit55>
      <Unit56>
        <Filename Value="../pascal_o_r_mapping/3_Data/Automatic/Code_Generation/JoinPoint/02_Pascal/ujpPascal_aggregations_faibles_pool_get.pas"/>
        <IsPartOfProject Value="True"/>
        <UnitName Value="ujpPascal_aggregations_faibles_pool_get"/>
      </Unit56>
      <Unit57>
        <Filename Value="../pascal_o_r_mapping/3_Data/Automatic/Code_Generation/JoinPoint/02_Pascal/ujpPascal_creation_champs.pas"/>
        <IsPartOfProject Value="True"/>
        <UnitName Value="ujpPascal_creation_champs"/>
      </Unit57>
      <Unit58>
        <Filename Value="../pascal_o_r_mapping/3_Data/Automatic/Code_Generation/JoinPoint/02_Pascal/ujpPascal_Test_Declaration_Key.pas"/>
        <IsPartOfProject Value="True"/>
        <UnitName Value="ujpPascal_Test_Declaration_Key"/>
      </Unit58>
      <Unit59>
        <Filename Value="../pascal_o_r_mapping/3_Data/Automatic/Code_Generation/JoinPoint/02_Pascal/ujpPascal_Test_Implementation_Key.pas"/>
        <IsPartOfProject Value="True"/>
        <UnitName Value="ujpPascal_Test_Implementation_Key"/>
      </Unit59>
      <Unit60>
        <Filename Value="../pascal_o_r_mapping/3_Data/Automatic/Code_Generation/JoinPoint/02_Pascal/ujpPascal_To_SQLQuery_Params_Body.pas"/>
        <IsPartOfProject Value="True"/>
        <UnitName Value="ujpPascal_To_SQLQuery_Params_Body"/>
      </Unit60>
      <Unit61>
        <Filename Value="../pascal_o_r_mapping/3_Data/Automatic/Code_Generation/JoinPoint/02_Pascal/ujpPascal_Traite_Index_key.pas"/>
        <IsPartOfProject Value="True"/>
        <UnitName Value="ujpPascal_Traite_Index_key"/>
      </Unit61>
      <Unit62>
        <Filename Value="../pascal_o_r_mapping/3_Data/Automatic/Code_Generation/JoinPoint/02_Pascal/ujpPascal_QCalcFieldsKey.pas"/>
        <IsPartOfProject Value="True"/>
        <UnitName Value="ujpPascal_QCalcFieldsKey"/>
      </Unit62>
      <Unit63>
        <Filename Value="../pascal_o_r_mapping/3_Data/Automatic/Code_Generation/JoinPoint/02_Pascal/ujpPascal_QfieldsDFM.pas"/>
        <IsPartOfProject Value="True"/>
        <UnitName Value="ujpPascal_QfieldsDFM"/>
      </Unit63>
      <Unit64>
        <Filename Value="../pascal_o_r_mapping/3_Data/Automatic/Code_Generation/JoinPoint/02_Pascal/ujpPascal_QfieldsPAS.pas"/>
        <IsPartOfProject Value="True"/>
        <UnitName Value="ujpPascal_QfieldsPAS"/>
      </Unit64>
      <Unit65>
        <Filename Value="../pascal_o_r_mapping/3_Data/Automatic/Code_Generation/JoinPoint/02_Pascal/ujpPascal_SQLWHERE_ContraintesChamps_Body.pas"/>
        <IsPartOfProject Value="True"/>
        <UnitName Value="ujpPascal_SQLWHERE_ContraintesChamps_Body"/>
      </Unit65>
      <Unit66>
        <Filename Value="../pascal_o_r_mapping/3_Data/Automatic/Code_Generation/JoinPoint/02_Pascal/ujpPascal_Test_Call_Key.pas"/>
        <IsPartOfProject Value="True"/>
        <UnitName Value="ujpPascal_Test_Call_Key"/>
      </Unit66>
      <Unit67>
        <Filename Value="../pascal_o_r_mapping/3_Data/Automatic/Code_Generation/JoinPoint/02_Pascal/ujpPascal_Get_by_Cle_Declaration.pas"/>
        <IsPartOfProject Value="True"/>
        <UnitName Value="ujpPascal_Get_by_Cle_Declaration"/>
      </Unit67>
      <Unit68>
        <Filename Value="../pascal_o_r_mapping/3_Data/Automatic/Code_Generation/JoinPoint/02_Pascal/ujpPascal_Get_by_Cle_Implementation.pas"/>
        <IsPartOfProject Value="True"/>
        <UnitName Value="ujpPascal_Get_by_Cle_Implementation"/>
      </Unit68>
      <Unit69>
        <Filename Value="../pascal_o_r_mapping/3_Data/Automatic/Code_Generation/JoinPoint/02_Pascal/ujpPascal_LabelsDFM.pas"/>
        <IsPartOfProject Value="True"/>
        <UnitName Value="ujpPascal_LabelsDFM"/>
      </Unit69>
      <Unit70>
        <Filename Value="../pascal_o_r_mapping/3_Data/Automatic/Code_Generation/JoinPoint/02_Pascal/ujpPascal_LabelsPAS.pas"/>
        <IsPartOfProject Value="True"/>
        <UnitName Value="ujpPascal_LabelsPAS"/>
      </Unit70>
      <Unit71>
        <Filename Value="../pascal_o_r_mapping/3_Data/Automatic/Code_Generation/JoinPoint/02_Pascal/ujpPascal_Ouverture_key.pas"/>
        <IsPartOfProject Value="True"/>
        <UnitName Value="ujpPascal_Ouverture_key"/>
      </Unit71>
      <Unit72>
        <Filename Value="../pascal_o_r_mapping/3_Data/Automatic/Code_Generation/JoinPoint/02_Pascal/ujpPascal_Champ_EditPAS.pas"/>
        <IsPartOfProject Value="True"/>
        <UnitName Value="ujpPascal_Champ_EditPAS"/>
      </Unit72>
    </Units>
  </ProjectOptions>
  <CompilerOptions>
    <Version Value="11"/>
    <Target>
      <Filename Value="jsWorks_mswindows"/>
    </Target>
    <SearchPaths>
      <IncludeFiles Value="$(ProjOutDir)"/>
      <OtherUnitFiles Value="../../../batpro/source/src/pascal_o_r_mapping/3_Data;../../../batpro/source/src/pascal_o_r_mapping/2_Units;../../../batpro/source/src/pascal_o_r_mapping/Controls;../../../batpro/source/src/pascal_o_r_mapping/2_LCL;../pascal_o_r_mapping/3_Data;../pascal_o_r_mapping/7_sources_externes/synapse/source/lib;../OOo;../Generation_de_code;../pascal_o_r_mapping/3_Data/Automatic;../pascal_o_r_mapping/3_Data/Automatic/Code_Generation/File_Handler;../pascal_o_r_mapping/3_Data/Automatic/Code_Generation;../pascal_o_r_mapping/3_Data/Automatic/Code_Generation/JoinPoint;../pascal_o_r_mapping/3_Data/Automatic/Code_Generation/JoinPoint/02_Pascal;../pascal_o_r_mapping/3_Data/Automatic/Code_Generation/JoinPoint/01_SQL;../pascal_o_r_mapping/3_Data/Automatic/Code_Generation/JoinPoint/00_General;../pascal_o_r_mapping/3_Data/Automatic/Code_Generation/JoinPoint/04_PHP_Doctrine;../pascal_o_r_mapping/3_Data/Automatic/Code_Generation/JoinPoint/03_CSharp"/>
      <UnitOutputDirectory Value="lib/$(TargetCPU)-$(TargetOS)"/>
    </SearchPaths>
    <Parsing>
      <SyntaxOptions>
        <SyntaxMode Value="Delphi"/>
      </SyntaxOptions>
    </Parsing>
    <Linking>
      <Options>
        <Win32>
          <GraphicApplication Value="True"/>
        </Win32>
      </Options>
    </Linking>
    <Other>
      <CompilerMessages>
        <MsgFileName Value=""/>
      </CompilerMessages>
      <CompilerPath Value="$(CompPath)"/>
    </Other>
  </CompilerOptions>
  <Debugging>
    <Exceptions Count="3">
      <Item1>
        <Name Value="EAbort"/>
      </Item1>
      <Item2>
        <Name Value="ECodetoolError"/>
      </Item2>
      <Item3>
        <Name Value="EFOpenError"/>
      </Item3>
    </Exceptions>
  </Debugging>
</CONFIG>
