<?xml version="1.0" encoding="UTF-8"?>
<CONFIG>
  <ProjectOptions>
    <Version Value="12"/>
    <General>
      <Flags>
        <CompatibilityMode Value="True"/>
      </Flags>
      <SessionStorage Value="InProjectDir"/>
      <Title Value="jsWorks"/>
      <ResourceType Value="res"/>
      <UseXPManifest Value="True"/>
      <Icon Value="0"/>
    </General>
    <i18n>
      <EnableI18N LFM="False"/>
    </i18n>
    <BuildModes Count="6">
      <Item1 Name="Windows 64 bits Debug" Default="True"/>
      <Item2 Name="Windows 64 bits Release">
        <CompilerOptions>
          <Version Value="11"/>
          <Target>
            <Filename Value="jsWorks"/>
          </Target>
          <SearchPaths>
            <IncludeFiles Value="$(ProjOutDir)"/>
            <OtherUnitFiles Value="Elements/Tag;Elements/Work;Elements/Categorie;Elements/Development;Elements/Jour_Ferie;Elements/Project;Elements/Session;Elements/State;Elements/Tag_Development;Elements/Tag_Work;Elements/Type_Tag;Elements/Calendrier"/>
            <UnitOutputDirectory Value="lib/$(TargetCPU)-$(TargetOS)"/>
          </SearchPaths>
          <Parsing>
            <SyntaxOptions>
              <SyntaxMode Value="Delphi"/>
            </SyntaxOptions>
          </Parsing>
          <CodeGeneration>
            <SmartLinkUnit Value="True"/>
            <TargetCPU Value="x86_64"/>
            <TargetOS Value="win64"/>
            <Optimizations>
              <OptimizationLevel Value="3"/>
            </Optimizations>
          </CodeGeneration>
          <Linking>
            <Debugging>
              <GenerateDebugInfo Value="False"/>
              <DebugInfoType Value="dsDwarf3"/>
            </Debugging>
            <LinkSmart Value="True"/>
            <Options>
              <Win32>
                <GraphicApplication Value="True"/>
              </Win32>
            </Options>
          </Linking>
        </CompilerOptions>
      </Item2>
      <Item3 Name="Linux Debug">
        <CompilerOptions>
          <Version Value="11"/>
          <Target>
            <Filename Value="jsWorks"/>
          </Target>
          <SearchPaths>
            <IncludeFiles Value="$(ProjOutDir)"/>
            <OtherUnitFiles Value="Elements/Tag;Elements/Work;Elements/Categorie;Elements/Development;Elements/Jour_Ferie;Elements/Project;Elements/Session;Elements/State;Elements/Tag_Development;Elements/Tag_Work;Elements/Type_Tag;Elements/Calendrier"/>
            <UnitOutputDirectory Value="lib/$(TargetCPU)-$(TargetOS)"/>
          </SearchPaths>
          <Parsing>
            <SyntaxOptions>
              <SyntaxMode Value="Delphi"/>
              <IncludeAssertionCode Value="True"/>
            </SyntaxOptions>
          </Parsing>
          <CodeGeneration>
            <Checks>
              <IOChecks Value="True"/>
              <RangeChecks Value="True"/>
              <OverflowChecks Value="True"/>
              <StackChecks Value="True"/>
            </Checks>
            <VerifyObjMethodCallValidity Value="True"/>
          </CodeGeneration>
          <Linking>
            <Debugging>
              <DebugInfoType Value="dsDwarf2Set"/>
              <UseHeaptrc Value="True"/>
              <TrashVariables Value="True"/>
              <UseExternalDbgSyms Value="True"/>
            </Debugging>
            <Options>
              <Win32>
                <GraphicApplication Value="True"/>
              </Win32>
            </Options>
          </Linking>
        </CompilerOptions>
      </Item3>
      <Item4 Name="Linux Release">
        <CompilerOptions>
          <Version Value="11"/>
          <Target>
            <Filename Value="jsWorks"/>
          </Target>
          <SearchPaths>
            <IncludeFiles Value="$(ProjOutDir)"/>
            <OtherUnitFiles Value="Elements/Tag;Elements/Work;Elements/Categorie;Elements/Development;Elements/Jour_Ferie;Elements/Project;Elements/Session;Elements/State;Elements/Tag_Development;Elements/Tag_Work;Elements/Type_Tag;Elements/Calendrier"/>
            <UnitOutputDirectory Value="lib/$(TargetCPU)-$(TargetOS)"/>
          </SearchPaths>
          <Parsing>
            <SyntaxOptions>
              <SyntaxMode Value="Delphi"/>
            </SyntaxOptions>
          </Parsing>
          <CodeGeneration>
            <SmartLinkUnit Value="True"/>
            <Optimizations>
              <OptimizationLevel Value="3"/>
            </Optimizations>
          </CodeGeneration>
          <Linking>
            <Debugging>
              <GenerateDebugInfo Value="False"/>
            </Debugging>
            <LinkSmart Value="True"/>
            <Options>
              <Win32>
                <GraphicApplication Value="True"/>
              </Win32>
            </Options>
          </Linking>
        </CompilerOptions>
      </Item4>
      <Item5 Name="Windows 64 bits Debug Lite">
        <CompilerOptions>
          <Version Value="11"/>
          <Target>
            <Filename Value="jsWorks"/>
          </Target>
          <SearchPaths>
            <IncludeFiles Value="$(ProjOutDir)"/>
            <OtherUnitFiles Value="Elements/Tag;Elements/Work;Elements/Categorie;Elements/Development;Elements/Jour_Ferie;Elements/Project;Elements/Session;Elements/State;Elements/Tag_Development;Elements/Tag_Work;Elements/Type_Tag;Elements/Calendrier"/>
            <UnitOutputDirectory Value="lib/$(TargetCPU)-$(TargetOS)"/>
          </SearchPaths>
          <Parsing>
            <SyntaxOptions>
              <SyntaxMode Value="Delphi"/>
            </SyntaxOptions>
          </Parsing>
          <CodeGeneration>
            <SmartLinkUnit Value="True"/>
            <TargetCPU Value="x86_64"/>
            <TargetOS Value="win64"/>
            <Optimizations>
              <OptimizationLevel Value="3"/>
            </Optimizations>
          </CodeGeneration>
          <Linking>
            <Debugging>
              <DebugInfoType Value="dsDwarf3"/>
            </Debugging>
            <LinkSmart Value="True"/>
            <Options>
              <Win32>
                <GraphicApplication Value="True"/>
              </Win32>
            </Options>
          </Linking>
        </CompilerOptions>
      </Item5>
      <Item6 Name="Linux Debug Lite">
        <CompilerOptions>
          <Version Value="11"/>
          <Target>
            <Filename Value="jsWorks"/>
          </Target>
          <SearchPaths>
            <IncludeFiles Value="$(ProjOutDir)"/>
            <OtherUnitFiles Value="Elements/Tag;Elements/Work;Elements/Categorie;Elements/Development;Elements/Jour_Ferie;Elements/Project;Elements/Session;Elements/State;Elements/Tag_Development;Elements/Tag_Work;Elements/Type_Tag;Elements/Calendrier"/>
            <UnitOutputDirectory Value="lib/$(TargetCPU)-$(TargetOS)"/>
          </SearchPaths>
          <Parsing>
            <SyntaxOptions>
              <SyntaxMode Value="Delphi"/>
            </SyntaxOptions>
          </Parsing>
          <Linking>
            <Options>
              <Win32>
                <GraphicApplication Value="True"/>
              </Win32>
            </Options>
          </Linking>
        </CompilerOptions>
      </Item6>
    </BuildModes>
    <PublishOptions>
      <Version Value="2"/>
    </PublishOptions>
    <RunParams>
      <FormatVersion Value="2"/>
      <Modes Count="1">
        <Mode0 Name="default"/>
      </Modes>
    </RunParams>
    <RequiredPackages Count="8">
      <Item1>
        <PackageName Value="OD_DelphiReportEngine_Formes"/>
      </Item1>
      <Item2>
        <PackageName Value="OD_DelphiReportEngine_Data"/>
      </Item2>
      <Item3>
        <PackageName Value="LCLBase"/>
      </Item3>
      <Item4>
        <PackageName Value="DateTimeCtrls"/>
      </Item4>
      <Item5>
        <PackageName Value="SQLDBLaz"/>
      </Item5>
      <Item6>
        <PackageName Value="OD_DelphiReportEngine_Units"/>
      </Item6>
      <Item7>
        <PackageName Value="OD_DelphiReportEngine_Controls"/>
      </Item7>
      <Item8>
        <PackageName Value="LCL"/>
      </Item8>
    </RequiredPackages>
    <Units Count="54">
      <Unit0>
        <Filename Value="jsWorks.lpr"/>
        <IsPartOfProject Value="True"/>
      </Unit0>
      <Unit1>
        <Filename Value="ufjsWorks.pas"/>
        <IsPartOfProject Value="True"/>
        <ComponentName Value="fjsWorks"/>
        <HasResources Value="True"/>
        <ResourceBaseClass Value="Form"/>
      </Unit1>
      <Unit2>
        <Filename Value="ufTemps.pas"/>
        <IsPartOfProject Value="True"/>
        <ComponentName Value="fTemps"/>
        <HasResources Value="True"/>
        <ResourceBaseClass Value="Form"/>
      </Unit2>
      <Unit3>
        <Filename Value="Elements/Categorie/ublCategorie.pas"/>
        <IsPartOfProject Value="True"/>
      </Unit3>
      <Unit4>
        <Filename Value="Elements/Development/ublDevelopment.pas"/>
        <IsPartOfProject Value="True"/>
      </Unit4>
      <Unit5>
        <Filename Value="Elements/Jour_Ferie/ublJour_ferie.pas"/>
        <IsPartOfProject Value="True"/>
      </Unit5>
      <Unit6>
        <Filename Value="Elements/Project/ublProject.pas"/>
        <IsPartOfProject Value="True"/>
      </Unit6>
      <Unit7>
        <Filename Value="Elements/State/ublState.pas"/>
        <IsPartOfProject Value="True"/>
      </Unit7>
      <Unit8>
        <Filename Value="Elements/Work/ublWork.pas"/>
        <IsPartOfProject Value="True"/>
      </Unit8>
      <Unit9>
        <Filename Value="Elements/Categorie/uhfCategorie.pas"/>
        <IsPartOfProject Value="True"/>
      </Unit9>
      <Unit10>
        <Filename Value="Elements/Categorie/upoolCategorie.pas"/>
        <IsPartOfProject Value="True"/>
        <HasResources Value="True"/>
      </Unit10>
      <Unit11>
        <Filename Value="Elements/Development/upoolDevelopment.pas"/>
        <IsPartOfProject Value="True"/>
        <HasResources Value="True"/>
      </Unit11>
      <Unit12>
        <Filename Value="Elements/Jour_Ferie/upoolJour_ferie.pas"/>
        <IsPartOfProject Value="True"/>
        <HasResources Value="True"/>
      </Unit12>
      <Unit13>
        <Filename Value="Elements/Project/upoolProject.pas"/>
        <IsPartOfProject Value="True"/>
        <HasResources Value="True"/>
      </Unit13>
      <Unit14>
        <Filename Value="Elements/State/upoolState.pas"/>
        <IsPartOfProject Value="True"/>
        <HasResources Value="True"/>
      </Unit14>
      <Unit15>
        <Filename Value="Elements/Work/upoolWork.pas"/>
        <IsPartOfProject Value="True"/>
        <ComponentName Value="poolWORK"/>
        <HasResources Value="True"/>
        <ResourceBaseClass Value="Form"/>
      </Unit15>
      <Unit16>
        <Filename Value="Elements/Work/uhfWork.pas"/>
        <IsPartOfProject Value="True"/>
      </Unit16>
      <Unit17>
        <Filename Value="Elements/Project/udkProject_EDIT.pas"/>
        <IsPartOfProject Value="True"/>
        <ComponentName Value="dkProject_EDIT"/>
        <HasResources Value="True"/>
        <ResourceBaseClass Value="Form"/>
      </Unit17>
      <Unit18>
        <Filename Value="Elements/Project/udkProject_LABEL.pas"/>
        <IsPartOfProject Value="True"/>
        <ComponentName Value="dkProject_LABEL"/>
        <HasResources Value="True"/>
        <ResourceBaseClass Value="Form"/>
      </Unit18>
      <Unit19>
        <Filename Value="Elements/Project/ufProject.pas"/>
        <IsPartOfProject Value="True"/>
        <ComponentName Value="fProject"/>
        <HasResources Value="True"/>
        <ResourceBaseClass Value="Form"/>
      </Unit19>
      <Unit20>
        <Filename Value="Elements/Work/udkWork.pas"/>
        <IsPartOfProject Value="True"/>
        <ComponentName Value="dkWork"/>
        <HasResources Value="True"/>
        <ResourceBaseClass Value="Form"/>
      </Unit20>
      <Unit21>
        <Filename Value="Elements/Development/udkDevelopment.pas"/>
        <IsPartOfProject Value="True"/>
        <ComponentName Value="dkDevelopment"/>
        <HasResources Value="True"/>
        <ResourceBaseClass Value="Form"/>
      </Unit21>
      <Unit22>
        <Filename Value="Elements/Session/ublSession.pas"/>
        <IsPartOfProject Value="True"/>
      </Unit22>
      <Unit23>
        <Filename Value="Elements/Session/uhdmsession.pas"/>
        <IsPartOfProject Value="True"/>
        <UnitName Value="uhdmSession"/>
      </Unit23>
      <Unit24>
        <Filename Value="Elements/Tag/upoolTag.pas"/>
        <IsPartOfProject Value="True"/>
        <ComponentName Value="poolTAG"/>
        <HasResources Value="True"/>
        <ResourceBaseClass Value="Form"/>
      </Unit24>
      <Unit25>
        <Filename Value="Elements/Tag/uhfTag.pas"/>
        <IsPartOfProject Value="True"/>
      </Unit25>
      <Unit26>
        <Filename Value="Elements/Tag/ublTag.pas"/>
        <IsPartOfProject Value="True"/>
      </Unit26>
      <Unit27>
        <Filename Value="Elements/Tag_Development/upoolTag_Development.pas"/>
        <IsPartOfProject Value="True"/>
        <HasResources Value="True"/>
      </Unit27>
      <Unit28>
        <Filename Value="Elements/Tag_Development/uhfTag_Development.pas"/>
        <IsPartOfProject Value="True"/>
      </Unit28>
      <Unit29>
        <Filename Value="Elements/Tag_Development/ublTag_Development.pas"/>
        <IsPartOfProject Value="True"/>
      </Unit29>
      <Unit30>
        <Filename Value="Elements/Tag_Work/upoolTag_Work.pas"/>
        <IsPartOfProject Value="True"/>
        <HasResources Value="True"/>
      </Unit30>
      <Unit31>
        <Filename Value="Elements/Tag_Work/uhfTag_Work.pas"/>
        <IsPartOfProject Value="True"/>
      </Unit31>
      <Unit32>
        <Filename Value="Elements/Tag_Work/ublTag_Work.pas"/>
        <IsPartOfProject Value="True"/>
      </Unit32>
      <Unit33>
        <Filename Value="Elements/Type_Tag/ublType_Tag.pas"/>
        <IsPartOfProject Value="True"/>
      </Unit33>
      <Unit34>
        <Filename Value="Elements/Type_Tag/uhfType_Tag.pas"/>
        <IsPartOfProject Value="True"/>
      </Unit34>
      <Unit35>
        <Filename Value="Elements/Type_Tag/upoolType_Tag.pas"/>
        <IsPartOfProject Value="True"/>
        <ComponentName Value="poolTYPE_Tag"/>
        <HasResources Value="True"/>
        <ResourceBaseClass Value="Form"/>
      </Unit35>
      <Unit36>
        <Filename Value="Elements/Type_Tag/ufType_Tag.pas"/>
        <IsPartOfProject Value="True"/>
        <ComponentName Value="fType_Tag"/>
        <HasResources Value="True"/>
        <ResourceBaseClass Value="Form"/>
      </Unit36>
      <Unit37>
        <Filename Value="Elements/Type_Tag/udkType_Tag_EDIT.pas"/>
        <IsPartOfProject Value="True"/>
        <ComponentName Value="dkType_Tag_edit"/>
        <HasResources Value="True"/>
        <ResourceBaseClass Value="Form"/>
      </Unit37>
      <Unit38>
        <Filename Value="Elements/Tag/udkTag_LABEL.pas"/>
        <IsPartOfProject Value="True"/>
        <ComponentName Value="dkTag_LABEL"/>
        <HasResources Value="True"/>
        <ResourceBaseClass Value="Form"/>
      </Unit38>
      <Unit39>
        <Filename Value="Elements/Tag/udkTag_LABEL_od.pas"/>
        <IsPartOfProject Value="True"/>
        <ComponentName Value="dkTag_LABEL_od"/>
        <HasResources Value="True"/>
        <ResourceBaseClass Value="Form"/>
      </Unit39>
      <Unit40>
        <Filename Value="Elements/Work/uodWork_from_Period.pas"/>
        <IsPartOfProject Value="True"/>
      </Unit40>
      <Unit41>
        <Filename Value="Elements/Jour_Ferie/uhfJour_ferie.pas"/>
        <IsPartOfProject Value="True"/>
      </Unit41>
      <Unit42>
        <Filename Value="Elements/Project/uhfProject.pas"/>
        <IsPartOfProject Value="True"/>
      </Unit42>
      <Unit43>
        <Filename Value="Elements/State/uhfState.pas"/>
        <IsPartOfProject Value="True"/>
      </Unit43>
      <Unit44>
        <Filename Value="Elements/Tag/uodTag.pas"/>
        <IsPartOfProject Value="True"/>
      </Unit44>
      <Unit45>
        <Filename Value="Elements/Development/uhfDevelopment.pas"/>
        <IsPartOfProject Value="True"/>
      </Unit45>
      <Unit46>
        <Filename Value="Elements/Session/udkSession.pas"/>
        <IsPartOfProject Value="True"/>
        <ComponentName Value="dkSession"/>
        <HasResources Value="True"/>
        <ResourceBaseClass Value="Form"/>
      </Unit46>
      <Unit47>
        <Filename Value="Elements/Tag/udkWork_haTag_from_Description_LABEL.pas"/>
        <IsPartOfProject Value="True"/>
        <ComponentName Value="dkWork_haTag_from_Description_LABEL"/>
        <HasResources Value="True"/>
        <ResourceBaseClass Value="Form"/>
      </Unit47>
      <Unit48>
        <Filename Value="Elements/Session/uodSession.pas"/>
        <IsPartOfProject Value="True"/>
      </Unit48>
      <Unit49>
        <Filename Value="Elements/Calendrier/uodCalendrier.pas"/>
        <IsPartOfProject Value="True"/>
      </Unit49>
      <Unit50>
        <Filename Value="Elements/Calendrier/ublCalendrier.pas"/>
        <IsPartOfProject Value="True"/>
      </Unit50>
      <Unit51>
        <Filename Value="Elements/Calendrier/uhdmCalendrier.pas"/>
        <IsPartOfProject Value="True"/>
      </Unit51>
      <Unit52>
        <Filename Value="ujsWorks_API_Client.pas"/>
        <IsPartOfProject Value="True"/>
      </Unit52>
      <Unit53>
        <Filename Value="Elements/Work/udkWork_JSON.pas"/>
        <IsPartOfProject Value="True"/>
        <ComponentName Value="dkWork_JSON"/>
        <HasResources Value="True"/>
        <ResourceBaseClass Value="Form"/>
      </Unit53>
    </Units>
  </ProjectOptions>
  <CompilerOptions>
    <Version Value="11"/>
    <Target>
      <Filename Value="jsWorks.exe"/>
    </Target>
    <SearchPaths>
      <IncludeFiles Value="$(ProjOutDir)"/>
      <OtherUnitFiles Value="Elements/Tag;Elements/Work;Elements/Categorie;Elements/Development;Elements/Jour_Ferie;Elements/Project;Elements/Session;Elements/State;Elements/Tag_Development;Elements/Tag_Work;Elements/Type_Tag;Elements/Calendrier"/>
      <UnitOutputDirectory Value="lib/$(TargetCPU)-$(TargetOS)"/>
    </SearchPaths>
    <Parsing>
      <SyntaxOptions>
        <SyntaxMode Value="Delphi"/>
        <IncludeAssertionCode Value="True"/>
      </SyntaxOptions>
    </Parsing>
    <CodeGeneration>
      <Checks>
        <IOChecks Value="True"/>
        <RangeChecks Value="True"/>
        <OverflowChecks Value="True"/>
        <StackChecks Value="True"/>
      </Checks>
      <TargetCPU Value="x86_64"/>
      <TargetOS Value="win64"/>
    </CodeGeneration>
    <Linking>
      <Debugging>
        <DebugInfoType Value="dsDwarf2Set"/>
        <UseExternalDbgSyms Value="True"/>
      </Debugging>
      <Options>
        <Win32>
          <GraphicApplication Value="True"/>
        </Win32>
      </Options>
    </Linking>
  </CompilerOptions>
  <Debugging>
    <Exceptions Count="3">
      <Item1>
        <Name Value="EAbort"/>
      </Item1>
      <Item2>
        <Name Value="ECodetoolError"/>
      </Item2>
      <Item3>
        <Name Value="EFOpenError"/>
      </Item3>
    </Exceptions>
  </Debugging>
</CONFIG>
