<?xml version="1.0" encoding="UTF-8"?>
<CONFIG>
  <ProjectOptions>
    <Version Value="12"/>
    <PathDelim Value="\"/>
    <General>
      <Flags>
        <MainUnitHasCreateFormStatements Value="False"/>
        <MainUnitHasTitleStatement Value="False"/>
        <MainUnitHasScaledStatement Value="False"/>
        <LRSInOutputDirectory Value="False"/>
        <CompatibilityMode Value="True"/>
      </Flags>
      <SessionStorage Value="InProjectDir"/>
      <Title Value="controls"/>
      <UseAppBundle Value="False"/>
      <ResourceType Value="res"/>
    </General>
    <i18n>
      <EnableI18N LFM="False"/>
    </i18n>
    <CustomData Count="13">
      <Item0 Name="BuildSystem" Value="Gradle"/>
      <Item1 Name="KeepMyBuildGradleWhenReopen" Value="NO"/>
      <Item2 Name="LAMW" Value="GUI"/>
      <Item3 Name="LamwVersion" Value="0.8.6.4"/>
      <Item4 Name="MinSdk" Value="23"/>
      <Item5 Name="NdkApi" Value="android-22"/>
      <Item6 Name="NdkPath" Value="C:\lamw_manager\LAMW\sdk\ndk-bundle\"/>
      <Item7 Name="Package" Value="com.mars42.jsNote"/>
      <Item8 Name="SdkPath" Value="C:\lamw_manager\LAMW\sdk\"/>
      <Item9 Name="StartModule" Value="fChants"/>
      <Item10 Name="Support" Value="FALSE"/>
      <Item11 Name="TargetSdk" Value="34"/>
      <Item12 Name="Theme" Value="DeviceDefault"/>
    </CustomData>
    <BuildModes Count="1">
      <Item1 Name="Default" Default="True"/>
    </BuildModes>
    <PublishOptions>
      <Version Value="2"/>
    </PublishOptions>
    <RunParams>
      <FormatVersion Value="2"/>
      <Modes Count="1">
        <Mode0 Name="default"/>
      </Modes>
    </RunParams>
    <RequiredPackages Count="3">
      <Item1>
        <PackageName Value="OD_DelphiReportEngine_Controls_LAMW"/>
      </Item1>
      <Item2>
        <PackageName Value="OD_DelphiReportEngine_Units"/>
      </Item2>
      <Item3>
        <PackageName Value="tfpandroidbridge_pack"/>
      </Item3>
    </RequiredPackages>
    <Units Count="15">
      <Unit0>
        <Filename Value="controls.lpr"/>
        <IsPartOfProject Value="True"/>
      </Unit0>
      <Unit1>
        <Filename Value="ufjsNote.pas"/>
        <IsPartOfProject Value="True"/>
        <ComponentName Value="fjsNote"/>
        <HasResources Value="True"/>
        <CustomData Count="2">
          <Item0 Name="fclControls"/>
          <Item1 Name="jControls" Value="jButton;jForm;jMediaPlayer;jMidiManager;jTextView;jWebView"/>
        </CustomData>
      </Unit1>
      <Unit2>
        <Filename Value="ufChant.pas"/>
        <IsPartOfProject Value="True"/>
        <ComponentName Value="fChant"/>
        <HasResources Value="True"/>
        <CustomData Count="2">
          <Item0 Name="fclControls"/>
          <Item1 Name="jControls" Value="jButton;jEditText;jForm;jMediaPlayer;jMenu;jPanel;jSqliteCursor;jSqliteDataAccess;jTextView"/>
        </CustomData>
      </Unit2>
      <Unit3>
        <Filename Value="uAndroid_Midi.pas"/>
        <IsPartOfProject Value="True"/>
      </Unit3>
      <Unit4>
        <Filename Value="..\..\..\jsFrequences\uFrequences.pas"/>
        <IsPartOfProject Value="True"/>
      </Unit4>
      <Unit5>
        <Filename Value="uAudioTrack.pas"/>
        <IsPartOfProject Value="True"/>
      </Unit5>
      <Unit6>
        <Filename Value="..\..\..\..\pascal_o_r_mapping\07_sources_externes\synapse\source\lib\blcksock.pas"/>
        <IsPartOfProject Value="True"/>
      </Unit6>
      <Unit7>
        <Filename Value="..\..\..\..\jsWorks\android_lamw\jsWorks\jni\fphttpclient.pas"/>
        <IsPartOfProject Value="True"/>
      </Unit7>
      <Unit8>
        <Filename Value="..\..\..\..\pascal_o_r_mapping\03_Data\udmDatabase.pas"/>
        <IsPartOfProject Value="True"/>
      </Unit8>
      <Unit9>
        <Filename Value="Elements\Chant\uhfChant.pas"/>
        <IsPartOfProject Value="True"/>
      </Unit9>
      <Unit10>
        <Filename Value="Elements\Chant\upoolChant.pas"/>
        <IsPartOfProject Value="True"/>
      </Unit10>
      <Unit11>
        <Filename Value="Elements\Chant\ublChant.pas"/>
        <IsPartOfProject Value="True"/>
      </Unit11>
      <Unit12>
        <Filename Value="ufChants.pas"/>
        <IsPartOfProject Value="True"/>
        <ComponentName Value="fChants"/>
        <HasResources Value="True"/>
        <CustomData Count="2">
          <Item0 Name="fclControls"/>
          <Item1 Name="jControls" Value="jButton;jForm;jListView;jMidiManager;jPanel;jPreferences;jTextView"/>
        </CustomData>
      </Unit12>
      <Unit13>
        <Filename Value="ufOptions.pas"/>
        <IsPartOfProject Value="True"/>
        <ComponentName Value="fOptions"/>
        <HasResources Value="True"/>
        <CustomData Count="2">
          <Item0 Name="fclControls"/>
          <Item1 Name="jControls" Value="jButton;jForm;jOpenDialog;jPanel;jRadioGroup"/>
        </CustomData>
      </Unit13>
      <Unit14>
        <Filename Value="uOptions.pas"/>
        <IsPartOfProject Value="True"/>
      </Unit14>
    </Units>
  </ProjectOptions>
  <CompilerOptions>
    <Version Value="11"/>
    <PathDelim Value="\"/>
    <Target>
      <Filename Value="..\libs\armeabi-v7a\libcontrols"/>
    </Target>
    <SearchPaths>
      <Libraries Value="C:\lamw_manager\LAMW\sdk\ndk-bundle\toolchains\llvm\prebuilt\windows-x86_64\sysroot\usr\lib\arm-linux-androideabi\22\;C:\lamw_manager\LAMW\sdk\ndk-bundle\toolchains\arm-linux-androideabi-4.9\prebuilt\windows-x86_64\lib\gcc\arm-linux-androideabi\4.9.x\"/>
      <OtherUnitFiles Value="..\..\..\jsFrequences;..\..\..\..\pascal_o_r_mapping\07_sources_externes\synapse\source\lib;..\..\..\..\jsWorks\android_lamw\jsWorks\jni;Elements\Chant;..\..\..\..\pascal_o_r_mapping\03_Data"/>
      <UnitOutputDirectory Value="..\obj\controls"/>
    </SearchPaths>
    <Parsing>
      <SyntaxOptions>
        <SyntaxMode Value="Delphi"/>
        <CStyleMacros Value="True"/>
      </SyntaxOptions>
    </Parsing>
    <CodeGeneration>
      <TargetCPU Value="arm"/>
      <TargetOS Value="android"/>
    </CodeGeneration>
    <Linking>
      <Debugging>
        <StripSymbols Value="True"/>
      </Debugging>
      <LinkSmart Value="True"/>
      <Options>
        <ExecutableType Value="Library"/>
      </Options>
    </Linking>
    <Other>
      <CustomOptions Value="-Xd -CfVFPv3 -CpARMV7A -XParm-linux-androideabi- -FDC:\lamw_manager\LAMW\sdk\ndk-bundle\toolchains\arm-linux-androideabi-4.9\prebuilt\windows-x86_64\bin"/>
    </Other>
  </CompilerOptions>
  <Debugging>
    <Exceptions Count="3">
      <Item1>
        <Name Value="EAbort"/>
      </Item1>
      <Item2>
        <Name Value="ECodetoolError"/>
      </Item2>
      <Item3>
        <Name Value="EFOpenError"/>
      </Item3>
    </Exceptions>
  </Debugging>
</CONFIG>
